// !$*UTF8*$!
{
	archiveVersion = 1;
	classes = {
	};
	objectVersion = 56;
	objects = {

/* Begin PBXBuildFile section */
		300540CA28FAC9CE00D6CD6F /* SaveTokenUseCase.swift in Sources */ = {isa = PBXBuildFile; fileRef = 300540C928FAC9CE00D6CD6F /* SaveTokenUseCase.swift */; };
		300540CC28FACA7400D6CD6F /* GetTokenUseCase.swift in Sources */ = {isa = PBXBuildFile; fileRef = 300540CB28FACA7400D6CD6F /* GetTokenUseCase.swift */; };
		300540D128FACB0E00D6CD6F /* KeychainRepositoryErrorsEnum.swift in Sources */ = {isa = PBXBuildFile; fileRef = 300540D028FACB0E00D6CD6F /* KeychainRepositoryErrorsEnum.swift */; };
		300540D428FACCA000D6CD6F /* DefaultsKeysExtensions.swift in Sources */ = {isa = PBXBuildFile; fileRef = 300540D328FACCA000D6CD6F /* DefaultsKeysExtensions.swift */; };
		300540D728FADC5B00D6CD6F /* SplashView.swift in Sources */ = {isa = PBXBuildFile; fileRef = 300540D628FADC5B00D6CD6F /* SplashView.swift */; };
		300540DC28FAE0D000D6CD6F /* MainViewDispalyingMode.swift in Sources */ = {isa = PBXBuildFile; fileRef = 300540DB28FAE0D000D6CD6F /* MainViewDispalyingMode.swift */; };
		300540E028FAE2F500D6CD6F /* SaveAuthStatusUseCase.swift in Sources */ = {isa = PBXBuildFile; fileRef = 300540DF28FAE2F500D6CD6F /* SaveAuthStatusUseCase.swift */; };
		300540E728FAEC2600D6CD6F /* AuthorizationView.swift in Sources */ = {isa = PBXBuildFile; fileRef = 300540E628FAEC2600D6CD6F /* AuthorizationView.swift */; };
		300540E928FAEC3400D6CD6F /* AuthorizationViewViewModel.swift in Sources */ = {isa = PBXBuildFile; fileRef = 300540E828FAEC3400D6CD6F /* AuthorizationViewViewModel.swift */; };
		300540EC28FB008C00D6CD6F /* TextFieldWithValidationAndPlaceholderStyle.swift in Sources */ = {isa = PBXBuildFile; fileRef = 300540EB28FB008C00D6CD6F /* TextFieldWithValidationAndPlaceholderStyle.swift */; };
		300540F728FB038400D6CD6F /* TextModifiers.swift in Sources */ = {isa = PBXBuildFile; fileRef = 300540F628FB038400D6CD6F /* TextModifiers.swift */; };
		300540FC28FB03A100D6CD6F /* IBMPlexSans-Regular.ttf in Resources */ = {isa = PBXBuildFile; fileRef = 300540F928FB03A100D6CD6F /* IBMPlexSans-Regular.ttf */; };
		300540FD28FB03A100D6CD6F /* IBMPlexSans-Bold.ttf in Resources */ = {isa = PBXBuildFile; fileRef = 300540FA28FB03A100D6CD6F /* IBMPlexSans-Bold.ttf */; };
		300540FE28FB03A100D6CD6F /* IBMPlexSans-Medium.ttf in Resources */ = {isa = PBXBuildFile; fileRef = 300540FB28FB03A100D6CD6F /* IBMPlexSans-Medium.ttf */; };
		3005410028FB073300D6CD6F /* AuthRepository.swift in Sources */ = {isa = PBXBuildFile; fileRef = 300540FF28FB073300D6CD6F /* AuthRepository.swift */; };
		3005410528FB077200D6CD6F /* LoginRequest.swift in Sources */ = {isa = PBXBuildFile; fileRef = 3005410428FB077200D6CD6F /* LoginRequest.swift */; };
		3005410828FB07A600D6CD6F /* LoginResponse.swift in Sources */ = {isa = PBXBuildFile; fileRef = 3005410728FB07A600D6CD6F /* LoginResponse.swift */; };
		3005410D28FB086C00D6CD6F /* LogoutResponse.swift in Sources */ = {isa = PBXBuildFile; fileRef = 3005410C28FB086C00D6CD6F /* LogoutResponse.swift */; };
		3005411028FB08DC00D6CD6F /* RegisterRequest.swift in Sources */ = {isa = PBXBuildFile; fileRef = 3005410F28FB08DC00D6CD6F /* RegisterRequest.swift */; };
		3005411528FB09EB00D6CD6F /* RegisterResponse.swift in Sources */ = {isa = PBXBuildFile; fileRef = 3005411428FB09EB00D6CD6F /* RegisterResponse.swift */; };
		3005411728FB0A8600D6CD6F /* RegisterErrorResponse.swift in Sources */ = {isa = PBXBuildFile; fileRef = 3005411628FB0A8600D6CD6F /* RegisterErrorResponse.swift */; };
		3005411928FB0F1300D6CD6F /* RegisterErrorsEnum.swift in Sources */ = {isa = PBXBuildFile; fileRef = 3005411828FB0F1300D6CD6F /* RegisterErrorsEnum.swift */; };
		3005411D28FB0FC200D6CD6F /* AuthRepositoryImpl.swift in Sources */ = {isa = PBXBuildFile; fileRef = 3005411C28FB0FC200D6CD6F /* AuthRepositoryImpl.swift */; };
		3005411F28FB108700D6CD6F /* NetworkingConstants.swift in Sources */ = {isa = PBXBuildFile; fileRef = 3005411E28FB108700D6CD6F /* NetworkingConstants.swift */; };
		3005412428FB155A00D6CD6F /* AFDataReposnseExtensions.swift in Sources */ = {isa = PBXBuildFile; fileRef = 3005412328FB155A00D6CD6F /* AFDataReposnseExtensions.swift */; };
		3005412828FB186B00D6CD6F /* RegisterUseCase.swift in Sources */ = {isa = PBXBuildFile; fileRef = 3005412728FB186B00D6CD6F /* RegisterUseCase.swift */; };
		3005412A28FB194100D6CD6F /* LoginUseCase.swift in Sources */ = {isa = PBXBuildFile; fileRef = 3005412928FB194100D6CD6F /* LoginUseCase.swift */; };
		3005412C28FB197200D6CD6F /* LogoutUseCase.swift in Sources */ = {isa = PBXBuildFile; fileRef = 3005412B28FB197200D6CD6F /* LogoutUseCase.swift */; };
		3005412E28FB1A0F00D6CD6F /* AuthorizationComponent.swift in Sources */ = {isa = PBXBuildFile; fileRef = 3005412D28FB1A0F00D6CD6F /* AuthorizationComponent.swift */; };
		3005413028FBB06800D6CD6F /* AuthenticationDataValidatorHelper.swift in Sources */ = {isa = PBXBuildFile; fileRef = 3005412F28FBB06800D6CD6F /* AuthenticationDataValidatorHelper.swift */; };
		3005413228FBCA2C00D6CD6F /* ViewExtensions.swift in Sources */ = {isa = PBXBuildFile; fileRef = 3005413128FBCA2C00D6CD6F /* ViewExtensions.swift */; };
		3005413728FC569A00D6CD6F /* NetworkingErrorsEnum.swift in Sources */ = {isa = PBXBuildFile; fileRef = 3005413628FC569A00D6CD6F /* NetworkingErrorsEnum.swift */; };
		3005413928FC591D00D6CD6F /* NetworkingError.swift in Sources */ = {isa = PBXBuildFile; fileRef = 3005413828FC591D00D6CD6F /* NetworkingError.swift */; };
		3005413B28FC63F400D6CD6F /* GetAuthStatusUseCase.swift in Sources */ = {isa = PBXBuildFile; fileRef = 3005413A28FC63F400D6CD6F /* GetAuthStatusUseCase.swift */; };
		3005413D28FC649C00D6CD6F /* DefaultsRepositoryErrorsEnum.swift in Sources */ = {isa = PBXBuildFile; fileRef = 3005413C28FC649C00D6CD6F /* DefaultsRepositoryErrorsEnum.swift */; };
		3005414428FC69F900D6CD6F /* LoginView.swift in Sources */ = {isa = PBXBuildFile; fileRef = 3005414328FC69F900D6CD6F /* LoginView.swift */; };
		3005414628FC6B7300D6CD6F /* LoginComponent.swift in Sources */ = {isa = PBXBuildFile; fileRef = 3005414528FC6B7300D6CD6F /* LoginComponent.swift */; };
		3005414828FC6BA500D6CD6F /* LoginViewViewModel.swift in Sources */ = {isa = PBXBuildFile; fileRef = 3005414728FC6BA500D6CD6F /* LoginViewViewModel.swift */; };
		3005414A28FC6CA200D6CD6F /* LoginViewDisaplyingMode.swift in Sources */ = {isa = PBXBuildFile; fileRef = 3005414928FC6CA200D6CD6F /* LoginViewDisaplyingMode.swift */; };
		301A7E0329040F0300D69188 /* MoviesRepository.swift in Sources */ = {isa = PBXBuildFile; fileRef = 301A7E0229040F0300D69188 /* MoviesRepository.swift */; };
		301A7E062904101900D69188 /* MoviesPage.swift in Sources */ = {isa = PBXBuildFile; fileRef = 301A7E052904101900D69188 /* MoviesPage.swift */; };
		301A7E082904103200D69188 /* MoviesPageInfo.swift in Sources */ = {isa = PBXBuildFile; fileRef = 301A7E072904103200D69188 /* MoviesPageInfo.swift */; };
		301A7E0A2904117900D69188 /* DetailedMovie.swift in Sources */ = {isa = PBXBuildFile; fileRef = 301A7E092904117900D69188 /* DetailedMovie.swift */; };
		301A7E0C2904122200D69188 /* DetailedReview.swift in Sources */ = {isa = PBXBuildFile; fileRef = 301A7E0B2904122200D69188 /* DetailedReview.swift */; };
		301A7E0E2904124100D69188 /* Author.swift in Sources */ = {isa = PBXBuildFile; fileRef = 301A7E0D2904124100D69188 /* Author.swift */; };
		301A7E102904163500D69188 /* MoviesRepositoryImpl.swift in Sources */ = {isa = PBXBuildFile; fileRef = 301A7E0F2904163500D69188 /* MoviesRepositoryImpl.swift */; };
		301A7E132904192600D69188 /* LoadMoviesAtPositionUseCase.swift in Sources */ = {isa = PBXBuildFile; fileRef = 301A7E122904192600D69188 /* LoadMoviesAtPositionUseCase.swift */; };
		301A7E152904199E00D69188 /* LoadMovieDetailsUseCase.swift in Sources */ = {isa = PBXBuildFile; fileRef = 301A7E142904199E00D69188 /* LoadMovieDetailsUseCase.swift */; };
		3092CAFC290785E400ED7DF9 /* Profile.swift in Sources */ = {isa = PBXBuildFile; fileRef = 3092CAFB290785E400ED7DF9 /* Profile.swift */; };
		3092CAFF2907869A00ED7DF9 /* ProfileRepository.swift in Sources */ = {isa = PBXBuildFile; fileRef = 3092CAFE2907869A00ED7DF9 /* ProfileRepository.swift */; };
		3092CB01290786F500ED7DF9 /* ProfileRepositoryImpl.swift in Sources */ = {isa = PBXBuildFile; fileRef = 3092CB00290786F500ED7DF9 /* ProfileRepositoryImpl.swift */; };
		3092CB03290787B000ED7DF9 /* NetworkingHelper.swift in Sources */ = {isa = PBXBuildFile; fileRef = 3092CB02290787B000ED7DF9 /* NetworkingHelper.swift */; };
		3092CB052907892700ED7DF9 /* GetUserProfileUseCase.swift in Sources */ = {isa = PBXBuildFile; fileRef = 3092CB042907892700ED7DF9 /* GetUserProfileUseCase.swift */; };
		3092CB072907897C00ED7DF9 /* SaveUserProfileUseCase.swift in Sources */ = {isa = PBXBuildFile; fileRef = 3092CB062907897C00ED7DF9 /* SaveUserProfileUseCase.swift */; };
		3092CB0A29078A3300ED7DF9 /* ProfileView.swift in Sources */ = {isa = PBXBuildFile; fileRef = 3092CB0929078A3300ED7DF9 /* ProfileView.swift */; };
		3092CB0E29078A5D00ED7DF9 /* ProfileViewViewModel.swift in Sources */ = {isa = PBXBuildFile; fileRef = 3092CB0D29078A5D00ED7DF9 /* ProfileViewViewModel.swift */; };
		3092CB1029078A8800ED7DF9 /* ProfileComponent.swift in Sources */ = {isa = PBXBuildFile; fileRef = 3092CB0F29078A8800ED7DF9 /* ProfileComponent.swift */; };
		3092CB1329079AAE00ED7DF9 /* ProfileHeaderView.swift in Sources */ = {isa = PBXBuildFile; fileRef = 3092CB1229079AAE00ED7DF9 /* ProfileHeaderView.swift */; };
		30B9697D28FAACF00026E190 /* MoviesCatalogApp.swift in Sources */ = {isa = PBXBuildFile; fileRef = 30B9697C28FAACF00026E190 /* MoviesCatalogApp.swift */; };
		30B9698128FAACF00026E190 /* Assets.xcassets in Resources */ = {isa = PBXBuildFile; fileRef = 30B9698028FAACF00026E190 /* Assets.xcassets */; };
		30B9698428FAACF10026E190 /* Preview Assets.xcassets in Resources */ = {isa = PBXBuildFile; fileRef = 30B9698328FAACF10026E190 /* Preview Assets.xcassets */; };
		30B9698C28FAADA80026E190 /* NeedleGenerated.swift in Sources */ = {isa = PBXBuildFile; fileRef = 30B9698B28FAADA80026E190 /* NeedleGenerated.swift */; };
		30B9699328FAADEA0026E190 /* MainComponent.swift in Sources */ = {isa = PBXBuildFile; fileRef = 30B9699228FAADEA0026E190 /* MainComponent.swift */; };
		30B9699528FAAE070026E190 /* MainView.swift in Sources */ = {isa = PBXBuildFile; fileRef = 30B9699428FAAE070026E190 /* MainView.swift */; };
		30B9699828FAAE170026E190 /* MainViewViewModel.swift in Sources */ = {isa = PBXBuildFile; fileRef = 30B9699728FAAE170026E190 /* MainViewViewModel.swift */; };
		30B9699D28FAAE990026E190 /* Localizable.strings in Resources */ = {isa = PBXBuildFile; fileRef = 30B9699F28FAAE990026E190 /* Localizable.strings */; };
		30B969A328FAAF010026E190 /* R.generated.swift in Sources */ = {isa = PBXBuildFile; fileRef = 30B969A228FAAF010026E190 /* R.generated.swift */; };
		30B969A728FAAFC30026E190 /* KeychainRepository.swift in Sources */ = {isa = PBXBuildFile; fileRef = 30B969A628FAAFC30026E190 /* KeychainRepository.swift */; };
		30B969AA28FAB03B0026E190 /* KeychainRepositoryImpl.swift in Sources */ = {isa = PBXBuildFile; fileRef = 30B969A928FAB03B0026E190 /* KeychainRepositoryImpl.swift */; };
		30F387E628FD1EB500346326 /* RegistrationComponent.swift in Sources */ = {isa = PBXBuildFile; fileRef = 30F387E528FD1EB500346326 /* RegistrationComponent.swift */; };
		30F387E928FD1ECA00346326 /* RegistrationViewViewModel.swift in Sources */ = {isa = PBXBuildFile; fileRef = 30F387E828FD1ECA00346326 /* RegistrationViewViewModel.swift */; };
		30F387EB28FD1ED700346326 /* RegistrationView.swift in Sources */ = {isa = PBXBuildFile; fileRef = 30F387EA28FD1ED700346326 /* RegistrationView.swift */; };
		30F387EE28FD216700346326 /* GenderTypeEnum.swift in Sources */ = {isa = PBXBuildFile; fileRef = 30F387ED28FD216700346326 /* GenderTypeEnum.swift */; };
		30F387F028FD5AE000346326 /* BindingExtensions.swift in Sources */ = {isa = PBXBuildFile; fileRef = 30F387EF28FD5AE000346326 /* BindingExtensions.swift */; };
		30F387F228FD5DD200346326 /* UIImageExtensions.swift in Sources */ = {isa = PBXBuildFile; fileRef = 30F387F128FD5DD200346326 /* UIImageExtensions.swift */; };
		30F3880528FE513B00346326 /* NSErrorExtensions.swift in Sources */ = {isa = PBXBuildFile; fileRef = 30F3880428FE513B00346326 /* NSErrorExtensions.swift */; };
		30F3881428FFB7EA00346326 /* HomeComponent.swift in Sources */ = {isa = PBXBuildFile; fileRef = 30F3881328FFB7EA00346326 /* HomeComponent.swift */; };
		30F3881628FFB7FD00346326 /* HomeView.swift in Sources */ = {isa = PBXBuildFile; fileRef = 30F3881528FFB7FD00346326 /* HomeView.swift */; };
		30F3881828FFB82C00346326 /* HomeViewDisplayingModeEnum.swift in Sources */ = {isa = PBXBuildFile; fileRef = 30F3881728FFB82C00346326 /* HomeViewDisplayingModeEnum.swift */; };
		30F3881C28FFBC9B00346326 /* MoviesView.swift in Sources */ = {isa = PBXBuildFile; fileRef = 30F3881B28FFBC9B00346326 /* MoviesView.swift */; };
		30F3882328FFC1C400346326 /* HeaderMovieView.swift in Sources */ = {isa = PBXBuildFile; fileRef = 30F3882228FFC1C400346326 /* HeaderMovieView.swift */; };
		30F3882628FFC30800346326 /* Movie.swift in Sources */ = {isa = PBXBuildFile; fileRef = 30F3882528FFC30800346326 /* Movie.swift */; };
		30F3882828FFC38900346326 /* ShortReview.swift in Sources */ = {isa = PBXBuildFile; fileRef = 30F3882728FFC38900346326 /* ShortReview.swift */; };
		30F3882A28FFC3CA00346326 /* Genre.swift in Sources */ = {isa = PBXBuildFile; fileRef = 30F3882928FFC3CA00346326 /* Genre.swift */; };
		30F3882C28FFC52500346326 /* MockDataHelper.swift in Sources */ = {isa = PBXBuildFile; fileRef = 30F3882B28FFC52500346326 /* MockDataHelper.swift */; };
		30F3882E28FFC62D00346326 /* ArrayExtensions.swift in Sources */ = {isa = PBXBuildFile; fileRef = 30F3882D28FFC62D00346326 /* ArrayExtensions.swift */; };
		30F3883028FFCCB300346326 /* MoviesViewViewModel.swift in Sources */ = {isa = PBXBuildFile; fileRef = 30F3882F28FFCCB300346326 /* MoviesViewViewModel.swift */; };
		30F3883228FFCD8D00346326 /* MovieExtensions.swift in Sources */ = {isa = PBXBuildFile; fileRef = 30F3883128FFCD8D00346326 /* MovieExtensions.swift */; };
		30F3883428FFD15800346326 /* MoviesComponent.swift in Sources */ = {isa = PBXBuildFile; fileRef = 30F3883328FFD15800346326 /* MoviesComponent.swift */; };
		30F3883628FFD1C600346326 /* DispalyingMovie.swift in Sources */ = {isa = PBXBuildFile; fileRef = 30F3883528FFD1C600346326 /* DispalyingMovie.swift */; };
		30F3883928FFD38200346326 /* RatingView.swift in Sources */ = {isa = PBXBuildFile; fileRef = 30F3883828FFD38200346326 /* RatingView.swift */; };
		30F3883B28FFDB7900346326 /* ColorExtensions.swift in Sources */ = {isa = PBXBuildFile; fileRef = 30F3883A28FFDB7900346326 /* ColorExtensions.swift */; };
		30F3883D28FFE2F500346326 /* FavoriteMoviesView.swift in Sources */ = {isa = PBXBuildFile; fileRef = 30F3883C28FFE2F500346326 /* FavoriteMoviesView.swift */; };
		30F3884028FFE3F700346326 /* CollectionViewPagingLayout in Frameworks */ = {isa = PBXBuildFile; productRef = 30F3883F28FFE3F700346326 /* CollectionViewPagingLayout */; };
		30F3884328FFE46600346326 /* FavoriteMovieView.swift in Sources */ = {isa = PBXBuildFile; fileRef = 30F3884228FFE46600346326 /* FavoriteMovieView.swift */; };
		30F3884528FFE47600346326 /* DisplayingFavotireMovie.swift in Sources */ = {isa = PBXBuildFile; fileRef = 30F3884428FFE47600346326 /* DisplayingFavotireMovie.swift */; };
		30F388482900FA3800346326 /* MoviesListView.swift in Sources */ = {isa = PBXBuildFile; fileRef = 30F388472900FA3800346326 /* MoviesListView.swift */; };
		30F3884D2900FB0300346326 /* MoviesListItemView.swift in Sources */ = {isa = PBXBuildFile; fileRef = 30F3884C2900FB0300346326 /* MoviesListItemView.swift */; };
		30F3884F290105AC00346326 /* FlexboxView.swift in Sources */ = {isa = PBXBuildFile; fileRef = 30F3884E290105AC00346326 /* FlexboxView.swift */; };
		30F388522901106F00346326 /* SkeletonUI in Frameworks */ = {isa = PBXBuildFile; productRef = 30F388512901106F00346326 /* SkeletonUI */; };
		30F388552901484D00346326 /* HomeViewViewModel.swift in Sources */ = {isa = PBXBuildFile; fileRef = 30F388542901484D00346326 /* HomeViewViewModel.swift */; };
		30F388682902996700346326 /* FavoritesRepository.swift in Sources */ = {isa = PBXBuildFile; fileRef = 30F388672902996700346326 /* FavoritesRepository.swift */; };
		30F3886B2902BC4A00346326 /* Favorites.swift in Sources */ = {isa = PBXBuildFile; fileRef = 30F3886A2902BC4A00346326 /* Favorites.swift */; };
		30F3886D2903A54500346326 /* FavoritesRepositoryImpl.swift in Sources */ = {isa = PBXBuildFile; fileRef = 30F3886C2903A54500346326 /* FavoritesRepositoryImpl.swift */; };
		30F3886F2903AC6B00346326 /* VoidResponse.swift in Sources */ = {isa = PBXBuildFile; fileRef = 30F3886E2903AC6B00346326 /* VoidResponse.swift */; };
		30F388722903B40B00346326 /* GetFavoritesUseCase.swift in Sources */ = {isa = PBXBuildFile; fileRef = 30F388712903B40B00346326 /* GetFavoritesUseCase.swift */; };
		30F388742903C95500346326 /* AddFavoriteUseCase.swift in Sources */ = {isa = PBXBuildFile; fileRef = 30F388732903C95500346326 /* AddFavoriteUseCase.swift */; };
		30F388762903CA5000346326 /* DeleteFavoriteUseCase.swift in Sources */ = {isa = PBXBuildFile; fileRef = 30F388752903CA5000346326 /* DeleteFavoriteUseCase.swift */; };
		30F46FE72907B3580048B05C /* ProfileDataEditorView.swift in Sources */ = {isa = PBXBuildFile; fileRef = 30F46FE62907B3580048B05C /* ProfileDataEditorView.swift */; };
		30F46FED2907B4930048B05C /* StatefulPreviewWrapper.swift in Sources */ = {isa = PBXBuildFile; fileRef = 30F46FEC2907B4930048B05C /* StatefulPreviewWrapper.swift */; };
		30F46FF1290827DC0048B05C /* ProfileDTO.swift in Sources */ = {isa = PBXBuildFile; fileRef = 30F46FF0290827DC0048B05C /* ProfileDTO.swift */; };
		30F46FF329082CF40048B05C /* ProfileExtensions.swift in Sources */ = {isa = PBXBuildFile; fileRef = 30F46FF229082CF40048B05C /* ProfileExtensions.swift */; };
		30F46FF6290BB3FC0048B05C /* MovieDetailsView.swift in Sources */ = {isa = PBXBuildFile; fileRef = 30F46FF5290BB3FC0048B05C /* MovieDetailsView.swift */; };
		30F46FFA290BB4100048B05C /* MovieDetailsViewViewModel.swift in Sources */ = {isa = PBXBuildFile; fileRef = 30F46FF9290BB4100048B05C /* MovieDetailsViewViewModel.swift */; };
		30F46FFC290BB41C0048B05C /* MovieDetailsComponent.swift in Sources */ = {isa = PBXBuildFile; fileRef = 30F46FFB290BB41C0048B05C /* MovieDetailsComponent.swift */; };
		5F4F60AE344DAB8B1E8E095A /* Pods_MoviesCatalog.framework in Frameworks */ = {isa = PBXBuildFile; fileRef = 3889655ECF9999C858E1162D /* Pods_MoviesCatalog.framework */; };
/* End PBXBuildFile section */

/* Begin PBXFileReference section */
		300540C928FAC9CE00D6CD6F /* SaveTokenUseCase.swift */ = {isa = PBXFileReference; lastKnownFileType = sourcecode.swift; path = SaveTokenUseCase.swift; sourceTree = "<group>"; };
		300540CB28FACA7400D6CD6F /* GetTokenUseCase.swift */ = {isa = PBXFileReference; lastKnownFileType = sourcecode.swift; path = GetTokenUseCase.swift; sourceTree = "<group>"; };
		300540D028FACB0E00D6CD6F /* KeychainRepositoryErrorsEnum.swift */ = {isa = PBXFileReference; lastKnownFileType = sourcecode.swift; path = KeychainRepositoryErrorsEnum.swift; sourceTree = "<group>"; };
		300540D328FACCA000D6CD6F /* DefaultsKeysExtensions.swift */ = {isa = PBXFileReference; lastKnownFileType = sourcecode.swift; path = DefaultsKeysExtensions.swift; sourceTree = "<group>"; };
		300540D628FADC5B00D6CD6F /* SplashView.swift */ = {isa = PBXFileReference; lastKnownFileType = sourcecode.swift; path = SplashView.swift; sourceTree = "<group>"; };
		300540DB28FAE0D000D6CD6F /* MainViewDispalyingMode.swift */ = {isa = PBXFileReference; lastKnownFileType = sourcecode.swift; path = MainViewDispalyingMode.swift; sourceTree = "<group>"; };
		300540DF28FAE2F500D6CD6F /* SaveAuthStatusUseCase.swift */ = {isa = PBXFileReference; lastKnownFileType = sourcecode.swift; path = SaveAuthStatusUseCase.swift; sourceTree = "<group>"; };
		300540E628FAEC2600D6CD6F /* AuthorizationView.swift */ = {isa = PBXFileReference; lastKnownFileType = sourcecode.swift; path = AuthorizationView.swift; sourceTree = "<group>"; };
		300540E828FAEC3400D6CD6F /* AuthorizationViewViewModel.swift */ = {isa = PBXFileReference; lastKnownFileType = sourcecode.swift; path = AuthorizationViewViewModel.swift; sourceTree = "<group>"; };
		300540EB28FB008C00D6CD6F /* TextFieldWithValidationAndPlaceholderStyle.swift */ = {isa = PBXFileReference; lastKnownFileType = sourcecode.swift; path = TextFieldWithValidationAndPlaceholderStyle.swift; sourceTree = "<group>"; };
		300540F628FB038400D6CD6F /* TextModifiers.swift */ = {isa = PBXFileReference; lastKnownFileType = sourcecode.swift; path = TextModifiers.swift; sourceTree = "<group>"; };
		300540F928FB03A100D6CD6F /* IBMPlexSans-Regular.ttf */ = {isa = PBXFileReference; lastKnownFileType = file; path = "IBMPlexSans-Regular.ttf"; sourceTree = "<group>"; };
		300540FA28FB03A100D6CD6F /* IBMPlexSans-Bold.ttf */ = {isa = PBXFileReference; lastKnownFileType = file; path = "IBMPlexSans-Bold.ttf"; sourceTree = "<group>"; };
		300540FB28FB03A100D6CD6F /* IBMPlexSans-Medium.ttf */ = {isa = PBXFileReference; lastKnownFileType = file; path = "IBMPlexSans-Medium.ttf"; sourceTree = "<group>"; };
		300540FF28FB073300D6CD6F /* AuthRepository.swift */ = {isa = PBXFileReference; lastKnownFileType = sourcecode.swift; path = AuthRepository.swift; sourceTree = "<group>"; };
		3005410428FB077200D6CD6F /* LoginRequest.swift */ = {isa = PBXFileReference; lastKnownFileType = sourcecode.swift; path = LoginRequest.swift; sourceTree = "<group>"; };
		3005410728FB07A600D6CD6F /* LoginResponse.swift */ = {isa = PBXFileReference; lastKnownFileType = sourcecode.swift; path = LoginResponse.swift; sourceTree = "<group>"; };
		3005410C28FB086C00D6CD6F /* LogoutResponse.swift */ = {isa = PBXFileReference; lastKnownFileType = sourcecode.swift; path = LogoutResponse.swift; sourceTree = "<group>"; };
		3005410F28FB08DC00D6CD6F /* RegisterRequest.swift */ = {isa = PBXFileReference; lastKnownFileType = sourcecode.swift; path = RegisterRequest.swift; sourceTree = "<group>"; };
		3005411428FB09EB00D6CD6F /* RegisterResponse.swift */ = {isa = PBXFileReference; lastKnownFileType = sourcecode.swift; path = RegisterResponse.swift; sourceTree = "<group>"; };
		3005411628FB0A8600D6CD6F /* RegisterErrorResponse.swift */ = {isa = PBXFileReference; lastKnownFileType = sourcecode.swift; path = RegisterErrorResponse.swift; sourceTree = "<group>"; };
		3005411828FB0F1300D6CD6F /* RegisterErrorsEnum.swift */ = {isa = PBXFileReference; lastKnownFileType = sourcecode.swift; path = RegisterErrorsEnum.swift; sourceTree = "<group>"; };
		3005411C28FB0FC200D6CD6F /* AuthRepositoryImpl.swift */ = {isa = PBXFileReference; lastKnownFileType = sourcecode.swift; path = AuthRepositoryImpl.swift; sourceTree = "<group>"; };
		3005411E28FB108700D6CD6F /* NetworkingConstants.swift */ = {isa = PBXFileReference; lastKnownFileType = sourcecode.swift; path = NetworkingConstants.swift; sourceTree = "<group>"; };
		3005412328FB155A00D6CD6F /* AFDataReposnseExtensions.swift */ = {isa = PBXFileReference; lastKnownFileType = sourcecode.swift; path = AFDataReposnseExtensions.swift; sourceTree = "<group>"; };
		3005412728FB186B00D6CD6F /* RegisterUseCase.swift */ = {isa = PBXFileReference; lastKnownFileType = sourcecode.swift; path = RegisterUseCase.swift; sourceTree = "<group>"; };
		3005412928FB194100D6CD6F /* LoginUseCase.swift */ = {isa = PBXFileReference; lastKnownFileType = sourcecode.swift; path = LoginUseCase.swift; sourceTree = "<group>"; };
		3005412B28FB197200D6CD6F /* LogoutUseCase.swift */ = {isa = PBXFileReference; lastKnownFileType = sourcecode.swift; path = LogoutUseCase.swift; sourceTree = "<group>"; };
		3005412D28FB1A0F00D6CD6F /* AuthorizationComponent.swift */ = {isa = PBXFileReference; lastKnownFileType = sourcecode.swift; path = AuthorizationComponent.swift; sourceTree = "<group>"; };
		3005412F28FBB06800D6CD6F /* AuthenticationDataValidatorHelper.swift */ = {isa = PBXFileReference; lastKnownFileType = sourcecode.swift; path = AuthenticationDataValidatorHelper.swift; sourceTree = "<group>"; };
		3005413128FBCA2C00D6CD6F /* ViewExtensions.swift */ = {isa = PBXFileReference; lastKnownFileType = sourcecode.swift; path = ViewExtensions.swift; sourceTree = "<group>"; };
		3005413328FBCB6300D6CD6F /* Info.plist */ = {isa = PBXFileReference; lastKnownFileType = text.plist; path = Info.plist; sourceTree = "<group>"; };
		3005413628FC569A00D6CD6F /* NetworkingErrorsEnum.swift */ = {isa = PBXFileReference; lastKnownFileType = sourcecode.swift; path = NetworkingErrorsEnum.swift; sourceTree = "<group>"; };
		3005413828FC591D00D6CD6F /* NetworkingError.swift */ = {isa = PBXFileReference; lastKnownFileType = sourcecode.swift; path = NetworkingError.swift; sourceTree = "<group>"; };
		3005413A28FC63F400D6CD6F /* GetAuthStatusUseCase.swift */ = {isa = PBXFileReference; lastKnownFileType = sourcecode.swift; path = GetAuthStatusUseCase.swift; sourceTree = "<group>"; };
		3005413C28FC649C00D6CD6F /* DefaultsRepositoryErrorsEnum.swift */ = {isa = PBXFileReference; lastKnownFileType = sourcecode.swift; path = DefaultsRepositoryErrorsEnum.swift; sourceTree = "<group>"; };
		3005414328FC69F900D6CD6F /* LoginView.swift */ = {isa = PBXFileReference; lastKnownFileType = sourcecode.swift; path = LoginView.swift; sourceTree = "<group>"; };
		3005414528FC6B7300D6CD6F /* LoginComponent.swift */ = {isa = PBXFileReference; lastKnownFileType = sourcecode.swift; path = LoginComponent.swift; sourceTree = "<group>"; };
		3005414728FC6BA500D6CD6F /* LoginViewViewModel.swift */ = {isa = PBXFileReference; lastKnownFileType = sourcecode.swift; path = LoginViewViewModel.swift; sourceTree = "<group>"; };
		3005414928FC6CA200D6CD6F /* LoginViewDisaplyingMode.swift */ = {isa = PBXFileReference; lastKnownFileType = sourcecode.swift; path = LoginViewDisaplyingMode.swift; sourceTree = "<group>"; };
		301A7E0229040F0300D69188 /* MoviesRepository.swift */ = {isa = PBXFileReference; lastKnownFileType = sourcecode.swift; path = MoviesRepository.swift; sourceTree = "<group>"; };
		301A7E052904101900D69188 /* MoviesPage.swift */ = {isa = PBXFileReference; lastKnownFileType = sourcecode.swift; path = MoviesPage.swift; sourceTree = "<group>"; };
		301A7E072904103200D69188 /* MoviesPageInfo.swift */ = {isa = PBXFileReference; lastKnownFileType = sourcecode.swift; path = MoviesPageInfo.swift; sourceTree = "<group>"; };
		301A7E092904117900D69188 /* DetailedMovie.swift */ = {isa = PBXFileReference; lastKnownFileType = sourcecode.swift; path = DetailedMovie.swift; sourceTree = "<group>"; };
		301A7E0B2904122200D69188 /* DetailedReview.swift */ = {isa = PBXFileReference; lastKnownFileType = sourcecode.swift; path = DetailedReview.swift; sourceTree = "<group>"; };
		301A7E0D2904124100D69188 /* Author.swift */ = {isa = PBXFileReference; lastKnownFileType = sourcecode.swift; path = Author.swift; sourceTree = "<group>"; };
		301A7E0F2904163500D69188 /* MoviesRepositoryImpl.swift */ = {isa = PBXFileReference; lastKnownFileType = sourcecode.swift; path = MoviesRepositoryImpl.swift; sourceTree = "<group>"; };
		301A7E122904192600D69188 /* LoadMoviesAtPositionUseCase.swift */ = {isa = PBXFileReference; lastKnownFileType = sourcecode.swift; path = LoadMoviesAtPositionUseCase.swift; sourceTree = "<group>"; };
		301A7E142904199E00D69188 /* LoadMovieDetailsUseCase.swift */ = {isa = PBXFileReference; lastKnownFileType = sourcecode.swift; path = LoadMovieDetailsUseCase.swift; sourceTree = "<group>"; };
		3092CAFB290785E400ED7DF9 /* Profile.swift */ = {isa = PBXFileReference; lastKnownFileType = sourcecode.swift; path = Profile.swift; sourceTree = "<group>"; };
		3092CAFE2907869A00ED7DF9 /* ProfileRepository.swift */ = {isa = PBXFileReference; lastKnownFileType = sourcecode.swift; path = ProfileRepository.swift; sourceTree = "<group>"; };
		3092CB00290786F500ED7DF9 /* ProfileRepositoryImpl.swift */ = {isa = PBXFileReference; lastKnownFileType = sourcecode.swift; path = ProfileRepositoryImpl.swift; sourceTree = "<group>"; };
		3092CB02290787B000ED7DF9 /* NetworkingHelper.swift */ = {isa = PBXFileReference; lastKnownFileType = sourcecode.swift; path = NetworkingHelper.swift; sourceTree = "<group>"; };
		3092CB042907892700ED7DF9 /* GetUserProfileUseCase.swift */ = {isa = PBXFileReference; lastKnownFileType = sourcecode.swift; path = GetUserProfileUseCase.swift; sourceTree = "<group>"; };
		3092CB062907897C00ED7DF9 /* SaveUserProfileUseCase.swift */ = {isa = PBXFileReference; lastKnownFileType = sourcecode.swift; path = SaveUserProfileUseCase.swift; sourceTree = "<group>"; };
		3092CB0929078A3300ED7DF9 /* ProfileView.swift */ = {isa = PBXFileReference; lastKnownFileType = sourcecode.swift; path = ProfileView.swift; sourceTree = "<group>"; };
		3092CB0D29078A5D00ED7DF9 /* ProfileViewViewModel.swift */ = {isa = PBXFileReference; lastKnownFileType = sourcecode.swift; path = ProfileViewViewModel.swift; sourceTree = "<group>"; };
		3092CB0F29078A8800ED7DF9 /* ProfileComponent.swift */ = {isa = PBXFileReference; lastKnownFileType = sourcecode.swift; path = ProfileComponent.swift; sourceTree = "<group>"; };
		3092CB1229079AAE00ED7DF9 /* ProfileHeaderView.swift */ = {isa = PBXFileReference; lastKnownFileType = sourcecode.swift; path = ProfileHeaderView.swift; sourceTree = "<group>"; };
		30B9697928FAACF00026E190 /* Movie Catalog.app */ = {isa = PBXFileReference; explicitFileType = wrapper.application; includeInIndex = 0; path = "Movie Catalog.app"; sourceTree = BUILT_PRODUCTS_DIR; };
		30B9697C28FAACF00026E190 /* MoviesCatalogApp.swift */ = {isa = PBXFileReference; lastKnownFileType = sourcecode.swift; path = MoviesCatalogApp.swift; sourceTree = "<group>"; };
		30B9698028FAACF00026E190 /* Assets.xcassets */ = {isa = PBXFileReference; lastKnownFileType = folder.assetcatalog; path = Assets.xcassets; sourceTree = "<group>"; };
		30B9698328FAACF10026E190 /* Preview Assets.xcassets */ = {isa = PBXFileReference; lastKnownFileType = folder.assetcatalog; path = "Preview Assets.xcassets"; sourceTree = "<group>"; };
		30B9698B28FAADA80026E190 /* NeedleGenerated.swift */ = {isa = PBXFileReference; fileEncoding = 4; lastKnownFileType = sourcecode.swift; path = NeedleGenerated.swift; sourceTree = "<group>"; };
		30B9699228FAADEA0026E190 /* MainComponent.swift */ = {isa = PBXFileReference; lastKnownFileType = sourcecode.swift; path = MainComponent.swift; sourceTree = "<group>"; };
		30B9699428FAAE070026E190 /* MainView.swift */ = {isa = PBXFileReference; lastKnownFileType = sourcecode.swift; path = MainView.swift; sourceTree = "<group>"; };
		30B9699728FAAE170026E190 /* MainViewViewModel.swift */ = {isa = PBXFileReference; lastKnownFileType = sourcecode.swift; path = MainViewViewModel.swift; sourceTree = "<group>"; };
		30B9699E28FAAE990026E190 /* en */ = {isa = PBXFileReference; lastKnownFileType = text.plist.strings; name = en; path = en.lproj/Localizable.strings; sourceTree = "<group>"; };
		30B969A028FAAECF0026E190 /* ru */ = {isa = PBXFileReference; lastKnownFileType = text.plist.strings; name = ru; path = ru.lproj/Localizable.strings; sourceTree = "<group>"; };
		30B969A228FAAF010026E190 /* R.generated.swift */ = {isa = PBXFileReference; lastKnownFileType = sourcecode.swift; path = R.generated.swift; sourceTree = "<group>"; };
		30B969A628FAAFC30026E190 /* KeychainRepository.swift */ = {isa = PBXFileReference; lastKnownFileType = sourcecode.swift; path = KeychainRepository.swift; sourceTree = "<group>"; };
		30B969A928FAB03B0026E190 /* KeychainRepositoryImpl.swift */ = {isa = PBXFileReference; lastKnownFileType = sourcecode.swift; path = KeychainRepositoryImpl.swift; sourceTree = "<group>"; };
		30F387E528FD1EB500346326 /* RegistrationComponent.swift */ = {isa = PBXFileReference; lastKnownFileType = sourcecode.swift; path = RegistrationComponent.swift; sourceTree = "<group>"; };
		30F387E828FD1ECA00346326 /* RegistrationViewViewModel.swift */ = {isa = PBXFileReference; lastKnownFileType = sourcecode.swift; path = RegistrationViewViewModel.swift; sourceTree = "<group>"; };
		30F387EA28FD1ED700346326 /* RegistrationView.swift */ = {isa = PBXFileReference; lastKnownFileType = sourcecode.swift; path = RegistrationView.swift; sourceTree = "<group>"; };
		30F387ED28FD216700346326 /* GenderTypeEnum.swift */ = {isa = PBXFileReference; lastKnownFileType = sourcecode.swift; path = GenderTypeEnum.swift; sourceTree = "<group>"; };
		30F387EF28FD5AE000346326 /* BindingExtensions.swift */ = {isa = PBXFileReference; lastKnownFileType = sourcecode.swift; path = BindingExtensions.swift; sourceTree = "<group>"; };
		30F387F128FD5DD200346326 /* UIImageExtensions.swift */ = {isa = PBXFileReference; lastKnownFileType = sourcecode.swift; path = UIImageExtensions.swift; sourceTree = "<group>"; };
		30F3880428FE513B00346326 /* NSErrorExtensions.swift */ = {isa = PBXFileReference; lastKnownFileType = sourcecode.swift; path = NSErrorExtensions.swift; sourceTree = "<group>"; };
		30F3881328FFB7EA00346326 /* HomeComponent.swift */ = {isa = PBXFileReference; lastKnownFileType = sourcecode.swift; path = HomeComponent.swift; sourceTree = "<group>"; };
		30F3881528FFB7FD00346326 /* HomeView.swift */ = {isa = PBXFileReference; lastKnownFileType = sourcecode.swift; path = HomeView.swift; sourceTree = "<group>"; };
		30F3881728FFB82C00346326 /* HomeViewDisplayingModeEnum.swift */ = {isa = PBXFileReference; lastKnownFileType = sourcecode.swift; path = HomeViewDisplayingModeEnum.swift; sourceTree = "<group>"; };
		30F3881B28FFBC9B00346326 /* MoviesView.swift */ = {isa = PBXFileReference; lastKnownFileType = sourcecode.swift; path = MoviesView.swift; sourceTree = "<group>"; };
		30F3882228FFC1C400346326 /* HeaderMovieView.swift */ = {isa = PBXFileReference; lastKnownFileType = sourcecode.swift; path = HeaderMovieView.swift; sourceTree = "<group>"; };
		30F3882528FFC30800346326 /* Movie.swift */ = {isa = PBXFileReference; lastKnownFileType = sourcecode.swift; path = Movie.swift; sourceTree = "<group>"; };
		30F3882728FFC38900346326 /* ShortReview.swift */ = {isa = PBXFileReference; lastKnownFileType = sourcecode.swift; path = ShortReview.swift; sourceTree = "<group>"; };
		30F3882928FFC3CA00346326 /* Genre.swift */ = {isa = PBXFileReference; lastKnownFileType = sourcecode.swift; path = Genre.swift; sourceTree = "<group>"; };
		30F3882B28FFC52500346326 /* MockDataHelper.swift */ = {isa = PBXFileReference; lastKnownFileType = sourcecode.swift; path = MockDataHelper.swift; sourceTree = "<group>"; };
		30F3882D28FFC62D00346326 /* ArrayExtensions.swift */ = {isa = PBXFileReference; lastKnownFileType = sourcecode.swift; path = ArrayExtensions.swift; sourceTree = "<group>"; };
		30F3882F28FFCCB300346326 /* MoviesViewViewModel.swift */ = {isa = PBXFileReference; lastKnownFileType = sourcecode.swift; path = MoviesViewViewModel.swift; sourceTree = "<group>"; };
		30F3883128FFCD8D00346326 /* MovieExtensions.swift */ = {isa = PBXFileReference; lastKnownFileType = sourcecode.swift; path = MovieExtensions.swift; sourceTree = "<group>"; };
		30F3883328FFD15800346326 /* MoviesComponent.swift */ = {isa = PBXFileReference; lastKnownFileType = sourcecode.swift; path = MoviesComponent.swift; sourceTree = "<group>"; };
		30F3883528FFD1C600346326 /* DispalyingMovie.swift */ = {isa = PBXFileReference; lastKnownFileType = sourcecode.swift; path = DispalyingMovie.swift; sourceTree = "<group>"; };
		30F3883828FFD38200346326 /* RatingView.swift */ = {isa = PBXFileReference; lastKnownFileType = sourcecode.swift; path = RatingView.swift; sourceTree = "<group>"; };
		30F3883A28FFDB7900346326 /* ColorExtensions.swift */ = {isa = PBXFileReference; lastKnownFileType = sourcecode.swift; path = ColorExtensions.swift; sourceTree = "<group>"; };
		30F3883C28FFE2F500346326 /* FavoriteMoviesView.swift */ = {isa = PBXFileReference; lastKnownFileType = sourcecode.swift; path = FavoriteMoviesView.swift; sourceTree = "<group>"; };
		30F3884228FFE46600346326 /* FavoriteMovieView.swift */ = {isa = PBXFileReference; lastKnownFileType = sourcecode.swift; path = FavoriteMovieView.swift; sourceTree = "<group>"; };
		30F3884428FFE47600346326 /* DisplayingFavotireMovie.swift */ = {isa = PBXFileReference; lastKnownFileType = sourcecode.swift; path = DisplayingFavotireMovie.swift; sourceTree = "<group>"; };
		30F388472900FA3800346326 /* MoviesListView.swift */ = {isa = PBXFileReference; lastKnownFileType = sourcecode.swift; path = MoviesListView.swift; sourceTree = "<group>"; };
		30F3884C2900FB0300346326 /* MoviesListItemView.swift */ = {isa = PBXFileReference; lastKnownFileType = sourcecode.swift; path = MoviesListItemView.swift; sourceTree = "<group>"; };
		30F3884E290105AC00346326 /* FlexboxView.swift */ = {isa = PBXFileReference; lastKnownFileType = sourcecode.swift; path = FlexboxView.swift; sourceTree = "<group>"; };
		30F388542901484D00346326 /* HomeViewViewModel.swift */ = {isa = PBXFileReference; lastKnownFileType = sourcecode.swift; path = HomeViewViewModel.swift; sourceTree = "<group>"; };
		30F388672902996700346326 /* FavoritesRepository.swift */ = {isa = PBXFileReference; lastKnownFileType = sourcecode.swift; path = FavoritesRepository.swift; sourceTree = "<group>"; };
		30F3886A2902BC4A00346326 /* Favorites.swift */ = {isa = PBXFileReference; lastKnownFileType = sourcecode.swift; path = Favorites.swift; sourceTree = "<group>"; };
		30F3886C2903A54500346326 /* FavoritesRepositoryImpl.swift */ = {isa = PBXFileReference; lastKnownFileType = sourcecode.swift; path = FavoritesRepositoryImpl.swift; sourceTree = "<group>"; };
		30F3886E2903AC6B00346326 /* VoidResponse.swift */ = {isa = PBXFileReference; lastKnownFileType = sourcecode.swift; path = VoidResponse.swift; sourceTree = "<group>"; };
		30F388712903B40B00346326 /* GetFavoritesUseCase.swift */ = {isa = PBXFileReference; lastKnownFileType = sourcecode.swift; path = GetFavoritesUseCase.swift; sourceTree = "<group>"; };
		30F388732903C95500346326 /* AddFavoriteUseCase.swift */ = {isa = PBXFileReference; lastKnownFileType = sourcecode.swift; path = AddFavoriteUseCase.swift; sourceTree = "<group>"; };
		30F388752903CA5000346326 /* DeleteFavoriteUseCase.swift */ = {isa = PBXFileReference; lastKnownFileType = sourcecode.swift; path = DeleteFavoriteUseCase.swift; sourceTree = "<group>"; };
		30F46FE62907B3580048B05C /* ProfileDataEditorView.swift */ = {isa = PBXFileReference; lastKnownFileType = sourcecode.swift; path = ProfileDataEditorView.swift; sourceTree = "<group>"; };
		30F46FEC2907B4930048B05C /* StatefulPreviewWrapper.swift */ = {isa = PBXFileReference; lastKnownFileType = sourcecode.swift; path = StatefulPreviewWrapper.swift; sourceTree = "<group>"; };
		30F46FF0290827DC0048B05C /* ProfileDTO.swift */ = {isa = PBXFileReference; lastKnownFileType = sourcecode.swift; path = ProfileDTO.swift; sourceTree = "<group>"; };
		30F46FF229082CF40048B05C /* ProfileExtensions.swift */ = {isa = PBXFileReference; lastKnownFileType = sourcecode.swift; path = ProfileExtensions.swift; sourceTree = "<group>"; };
		30F46FF5290BB3FC0048B05C /* MovieDetailsView.swift */ = {isa = PBXFileReference; lastKnownFileType = sourcecode.swift; path = MovieDetailsView.swift; sourceTree = "<group>"; };
		30F46FF9290BB4100048B05C /* MovieDetailsViewViewModel.swift */ = {isa = PBXFileReference; lastKnownFileType = sourcecode.swift; path = MovieDetailsViewViewModel.swift; sourceTree = "<group>"; };
		30F46FFB290BB41C0048B05C /* MovieDetailsComponent.swift */ = {isa = PBXFileReference; lastKnownFileType = sourcecode.swift; path = MovieDetailsComponent.swift; sourceTree = "<group>"; };
		3889655ECF9999C858E1162D /* Pods_MoviesCatalog.framework */ = {isa = PBXFileReference; explicitFileType = wrapper.framework; includeInIndex = 0; path = Pods_MoviesCatalog.framework; sourceTree = BUILT_PRODUCTS_DIR; };
		A6221C9CF5D08C0234E8E3DC /* Pods-MoviesCatalog.release.xcconfig */ = {isa = PBXFileReference; includeInIndex = 1; lastKnownFileType = text.xcconfig; name = "Pods-MoviesCatalog.release.xcconfig"; path = "Target Support Files/Pods-MoviesCatalog/Pods-MoviesCatalog.release.xcconfig"; sourceTree = "<group>"; };
		E812D7F72D4ED032809EFF4E /* Pods-MoviesCatalog.debug.xcconfig */ = {isa = PBXFileReference; includeInIndex = 1; lastKnownFileType = text.xcconfig; name = "Pods-MoviesCatalog.debug.xcconfig"; path = "Target Support Files/Pods-MoviesCatalog/Pods-MoviesCatalog.debug.xcconfig"; sourceTree = "<group>"; };
/* End PBXFileReference section */

/* Begin PBXFrameworksBuildPhase section */
		30B9697628FAACF00026E190 /* Frameworks */ = {
			isa = PBXFrameworksBuildPhase;
			buildActionMask = 2147483647;
			files = (
				5F4F60AE344DAB8B1E8E095A /* Pods_MoviesCatalog.framework in Frameworks */,
				30F388522901106F00346326 /* SkeletonUI in Frameworks */,
				30F3884028FFE3F700346326 /* CollectionViewPagingLayout in Frameworks */,
			);
			runOnlyForDeploymentPostprocessing = 0;
		};
/* End PBXFrameworksBuildPhase section */

/* Begin PBXGroup section */
		300540C828FAC9BD00D6CD6F /* useCases */ = {
			isa = PBXGroup;
			children = (
				3005412528FB185500D6CD6F /* networking */,
				300540DE28FAE2E300D6CD6F /* defaultsRepository */,
				300540DD28FAE2B400D6CD6F /* keychainRepository */,
			);
			path = useCases;
			sourceTree = "<group>";
		};
		300540CD28FACAF100D6CD6F /* model */ = {
			isa = PBXGroup;
			children = (
				3005410228FB075B00D6CD6F /* networking */,
				300540CE28FACAF700D6CD6F /* enums */,
				3005411E28FB108700D6CD6F /* NetworkingConstants.swift */,
				30F3883528FFD1C600346326 /* DispalyingMovie.swift */,
				30F3884428FFE47600346326 /* DisplayingFavotireMovie.swift */,
			);
			path = model;
			sourceTree = "<group>";
		};
		300540CE28FACAF700D6CD6F /* enums */ = {
			isa = PBXGroup;
			children = (
				300540DA28FAE0C600D6CD6F /* views */,
				300540CF28FACB0100D6CD6F /* repositories */,
				3005413628FC569A00D6CD6F /* NetworkingErrorsEnum.swift */,
				30F387ED28FD216700346326 /* GenderTypeEnum.swift */,
			);
			path = enums;
			sourceTree = "<group>";
		};
		300540CF28FACB0100D6CD6F /* repositories */ = {
			isa = PBXGroup;
			children = (
				300540D028FACB0E00D6CD6F /* KeychainRepositoryErrorsEnum.swift */,
				3005411828FB0F1300D6CD6F /* RegisterErrorsEnum.swift */,
				3005413C28FC649C00D6CD6F /* DefaultsRepositoryErrorsEnum.swift */,
			);
			path = repositories;
			sourceTree = "<group>";
		};
		300540D228FACC7700D6CD6F /* extensions */ = {
			isa = PBXGroup;
			children = (
				300540D328FACCA000D6CD6F /* DefaultsKeysExtensions.swift */,
				3005412328FB155A00D6CD6F /* AFDataReposnseExtensions.swift */,
				3005413128FBCA2C00D6CD6F /* ViewExtensions.swift */,
				30F387EF28FD5AE000346326 /* BindingExtensions.swift */,
				30F387F128FD5DD200346326 /* UIImageExtensions.swift */,
				30F3880428FE513B00346326 /* NSErrorExtensions.swift */,
				30F3882D28FFC62D00346326 /* ArrayExtensions.swift */,
				30F3883128FFCD8D00346326 /* MovieExtensions.swift */,
				30F3883A28FFDB7900346326 /* ColorExtensions.swift */,
				30F46FF229082CF40048B05C /* ProfileExtensions.swift */,
			);
			path = extensions;
			sourceTree = "<group>";
		};
		300540D528FADC3B00D6CD6F /* splashView */ = {
			isa = PBXGroup;
			children = (
				300540D628FADC5B00D6CD6F /* SplashView.swift */,
			);
			path = splashView;
			sourceTree = "<group>";
		};
		300540DA28FAE0C600D6CD6F /* views */ = {
			isa = PBXGroup;
			children = (
				300540DB28FAE0D000D6CD6F /* MainViewDispalyingMode.swift */,
				3005414928FC6CA200D6CD6F /* LoginViewDisaplyingMode.swift */,
				30F3881728FFB82C00346326 /* HomeViewDisplayingModeEnum.swift */,
			);
			path = views;
			sourceTree = "<group>";
		};
		300540DD28FAE2B400D6CD6F /* keychainRepository */ = {
			isa = PBXGroup;
			children = (
				300540C928FAC9CE00D6CD6F /* SaveTokenUseCase.swift */,
				300540CB28FACA7400D6CD6F /* GetTokenUseCase.swift */,
			);
			path = keychainRepository;
			sourceTree = "<group>";
		};
		300540DE28FAE2E300D6CD6F /* defaultsRepository */ = {
			isa = PBXGroup;
			children = (
				300540DF28FAE2F500D6CD6F /* SaveAuthStatusUseCase.swift */,
				3005413A28FC63F400D6CD6F /* GetAuthStatusUseCase.swift */,
			);
			path = defaultsRepository;
			sourceTree = "<group>";
		};
		300540E328FAEC0C00D6CD6F /* authorizationView */ = {
			isa = PBXGroup;
			children = (
				300540E428FAEC1600D6CD6F /* component */,
				300540E528FAEC1B00D6CD6F /* viewModel */,
				300540E628FAEC2600D6CD6F /* AuthorizationView.swift */,
			);
			path = authorizationView;
			sourceTree = "<group>";
		};
		300540E428FAEC1600D6CD6F /* component */ = {
			isa = PBXGroup;
			children = (
				3005412D28FB1A0F00D6CD6F /* AuthorizationComponent.swift */,
			);
			path = component;
			sourceTree = "<group>";
		};
		300540E528FAEC1B00D6CD6F /* viewModel */ = {
			isa = PBXGroup;
			children = (
				300540E828FAEC3400D6CD6F /* AuthorizationViewViewModel.swift */,
			);
			path = viewModel;
			sourceTree = "<group>";
		};
		300540EA28FB008000D6CD6F /* styles */ = {
			isa = PBXGroup;
			children = (
				300540EB28FB008C00D6CD6F /* TextFieldWithValidationAndPlaceholderStyle.swift */,
				300540F628FB038400D6CD6F /* TextModifiers.swift */,
			);
			path = styles;
			sourceTree = "<group>";
		};
		300540F828FB039100D6CD6F /* fonts */ = {
			isa = PBXGroup;
			children = (
				300540FA28FB03A100D6CD6F /* IBMPlexSans-Bold.ttf */,
				300540FB28FB03A100D6CD6F /* IBMPlexSans-Medium.ttf */,
				300540F928FB03A100D6CD6F /* IBMPlexSans-Regular.ttf */,
			);
			path = fonts;
			sourceTree = "<group>";
		};
		3005410228FB075B00D6CD6F /* networking */ = {
			isa = PBXGroup;
			children = (
				3092CAFA290785D900ED7DF9 /* profile */,
				301A7E0429040FFE00D69188 /* movies */,
				30F38869290299D800346326 /* favorites */,
				30F3882428FFC2EA00346326 /* movie */,
				3005410328FB076000D6CD6F /* auth */,
				3005413828FC591D00D6CD6F /* NetworkingError.swift */,
				30F3886E2903AC6B00346326 /* VoidResponse.swift */,
			);
			path = networking;
			sourceTree = "<group>";
		};
		3005410328FB076000D6CD6F /* auth */ = {
			isa = PBXGroup;
			children = (
				3005410E28FB08CD00D6CD6F /* register */,
				3005410928FB083D00D6CD6F /* logout */,
				3005410628FB079B00D6CD6F /* login */,
			);
			path = auth;
			sourceTree = "<group>";
		};
		3005410628FB079B00D6CD6F /* login */ = {
			isa = PBXGroup;
			children = (
				3005410428FB077200D6CD6F /* LoginRequest.swift */,
				3005410728FB07A600D6CD6F /* LoginResponse.swift */,
			);
			path = login;
			sourceTree = "<group>";
		};
		3005410928FB083D00D6CD6F /* logout */ = {
			isa = PBXGroup;
			children = (
				3005410C28FB086C00D6CD6F /* LogoutResponse.swift */,
			);
			path = logout;
			sourceTree = "<group>";
		};
		3005410E28FB08CD00D6CD6F /* register */ = {
			isa = PBXGroup;
			children = (
				3005410F28FB08DC00D6CD6F /* RegisterRequest.swift */,
				3005411428FB09EB00D6CD6F /* RegisterResponse.swift */,
				3005411628FB0A8600D6CD6F /* RegisterErrorResponse.swift */,
			);
			path = register;
			sourceTree = "<group>";
		};
		3005411A28FB0FAD00D6CD6F /* networking */ = {
			isa = PBXGroup;
			children = (
				3005411C28FB0FC200D6CD6F /* AuthRepositoryImpl.swift */,
				30F3886C2903A54500346326 /* FavoritesRepositoryImpl.swift */,
				301A7E0F2904163500D69188 /* MoviesRepositoryImpl.swift */,
				3092CB00290786F500ED7DF9 /* ProfileRepositoryImpl.swift */,
			);
			path = networking;
			sourceTree = "<group>";
		};
		3005411B28FB0FB300D6CD6F /* networking */ = {
			isa = PBXGroup;
			children = (
				300540FF28FB073300D6CD6F /* AuthRepository.swift */,
				30F388672902996700346326 /* FavoritesRepository.swift */,
				301A7E0229040F0300D69188 /* MoviesRepository.swift */,
				3092CAFE2907869A00ED7DF9 /* ProfileRepository.swift */,
			);
			path = networking;
			sourceTree = "<group>";
		};
		3005412228FB154A00D6CD6F /* helpers */ = {
			isa = PBXGroup;
			children = (
				3005412F28FBB06800D6CD6F /* AuthenticationDataValidatorHelper.swift */,
				30F3882B28FFC52500346326 /* MockDataHelper.swift */,
				3092CB02290787B000ED7DF9 /* NetworkingHelper.swift */,
				30F46FEC2907B4930048B05C /* StatefulPreviewWrapper.swift */,
			);
			path = helpers;
			sourceTree = "<group>";
		};
		3005412528FB185500D6CD6F /* networking */ = {
			isa = PBXGroup;
			children = (
				3092CAFD2907868100ED7DF9 /* profile */,
				301A7E112904191800D69188 /* movies */,
				30F388702903B3EA00346326 /* favoritesRepository */,
				3005412628FB185F00D6CD6F /* authRepository */,
			);
			path = networking;
			sourceTree = "<group>";
		};
		3005412628FB185F00D6CD6F /* authRepository */ = {
			isa = PBXGroup;
			children = (
				3005412728FB186B00D6CD6F /* RegisterUseCase.swift */,
				3005412928FB194100D6CD6F /* LoginUseCase.swift */,
				3005412B28FB197200D6CD6F /* LogoutUseCase.swift */,
			);
			path = authRepository;
			sourceTree = "<group>";
		};
		3005413E28FC69B500D6CD6F /* loginView */ = {
			isa = PBXGroup;
			children = (
				3005413F28FC69C800D6CD6F /* component */,
				3005414028FC69D300D6CD6F /* viewModel */,
				3005414328FC69F900D6CD6F /* LoginView.swift */,
			);
			path = loginView;
			sourceTree = "<group>";
		};
		3005413F28FC69C800D6CD6F /* component */ = {
			isa = PBXGroup;
			children = (
				3005414528FC6B7300D6CD6F /* LoginComponent.swift */,
			);
			path = component;
			sourceTree = "<group>";
		};
		3005414028FC69D300D6CD6F /* viewModel */ = {
			isa = PBXGroup;
			children = (
				3005414728FC6BA500D6CD6F /* LoginViewViewModel.swift */,
			);
			path = viewModel;
			sourceTree = "<group>";
		};
		301A7E0429040FFE00D69188 /* movies */ = {
			isa = PBXGroup;
			children = (
				301A7E052904101900D69188 /* MoviesPage.swift */,
				301A7E072904103200D69188 /* MoviesPageInfo.swift */,
				301A7E092904117900D69188 /* DetailedMovie.swift */,
				301A7E0B2904122200D69188 /* DetailedReview.swift */,
				301A7E0D2904124100D69188 /* Author.swift */,
			);
			path = movies;
			sourceTree = "<group>";
		};
		301A7E112904191800D69188 /* movies */ = {
			isa = PBXGroup;
			children = (
				301A7E122904192600D69188 /* LoadMoviesAtPositionUseCase.swift */,
				301A7E142904199E00D69188 /* LoadMovieDetailsUseCase.swift */,
			);
			path = movies;
			sourceTree = "<group>";
		};
		3092CAFA290785D900ED7DF9 /* profile */ = {
			isa = PBXGroup;
			children = (
				3092CAFB290785E400ED7DF9 /* Profile.swift */,
				30F46FF0290827DC0048B05C /* ProfileDTO.swift */,
			);
			path = profile;
			sourceTree = "<group>";
		};
		3092CAFD2907868100ED7DF9 /* profile */ = {
			isa = PBXGroup;
			children = (
				3092CB042907892700ED7DF9 /* GetUserProfileUseCase.swift */,
				3092CB062907897C00ED7DF9 /* SaveUserProfileUseCase.swift */,
			);
			path = profile;
			sourceTree = "<group>";
		};
		3092CB0829078A2900ED7DF9 /* profileView */ = {
			isa = PBXGroup;
			children = (
				3092CB1129079AA200ED7DF9 /* subviews */,
				3092CB0C29078A5200ED7DF9 /* component */,
				3092CB0B29078A4C00ED7DF9 /* viewModel */,
				3092CB0929078A3300ED7DF9 /* ProfileView.swift */,
			);
			path = profileView;
			sourceTree = "<group>";
		};
		3092CB0B29078A4C00ED7DF9 /* viewModel */ = {
			isa = PBXGroup;
			children = (
				3092CB0D29078A5D00ED7DF9 /* ProfileViewViewModel.swift */,
			);
			path = viewModel;
			sourceTree = "<group>";
		};
		3092CB0C29078A5200ED7DF9 /* component */ = {
			isa = PBXGroup;
			children = (
				3092CB0F29078A8800ED7DF9 /* ProfileComponent.swift */,
			);
			path = component;
			sourceTree = "<group>";
		};
		3092CB1129079AA200ED7DF9 /* subviews */ = {
			isa = PBXGroup;
			children = (
				30F46FE62907B3580048B05C /* ProfileDataEditorView.swift */,
				3092CB1229079AAE00ED7DF9 /* ProfileHeaderView.swift */,
			);
			path = subviews;
			sourceTree = "<group>";
		};
		30B9697028FAACF00026E190 = {
			isa = PBXGroup;
			children = (
				30B9697B28FAACF00026E190 /* MoviesCatalog */,
				30B9697A28FAACF00026E190 /* Products */,
				3A9111821407A0F7C8B91F28 /* Pods */,
				E64FB1AAA11493AEB317558D /* Frameworks */,
			);
			sourceTree = "<group>";
		};
		30B9697A28FAACF00026E190 /* Products */ = {
			isa = PBXGroup;
			children = (
				30B9697928FAACF00026E190 /* Movie Catalog.app */,
			);
			name = Products;
			sourceTree = "<group>";
		};
		30B9697B28FAACF00026E190 /* MoviesCatalog */ = {
			isa = PBXGroup;
			children = (
				3005413328FBCB6300D6CD6F /* Info.plist */,
				30B9699928FAAE880026E190 /* resources */,
				30B9698F28FAADC40026E190 /* data */,
				30B9698E28FAADBF0026E190 /* domain */,
				30B9698D28FAADB90026E190 /* presentation */,
				30B9697C28FAACF00026E190 /* MoviesCatalogApp.swift */,
				30B9698B28FAADA80026E190 /* NeedleGenerated.swift */,
				30B9698028FAACF00026E190 /* Assets.xcassets */,
				30B9698228FAACF10026E190 /* Preview Content */,
			);
			path = MoviesCatalog;
			sourceTree = "<group>";
		};
		30B9698228FAACF10026E190 /* Preview Content */ = {
			isa = PBXGroup;
			children = (
				30B9698328FAACF10026E190 /* Preview Assets.xcassets */,
			);
			path = "Preview Content";
			sourceTree = "<group>";
		};
		30B9698D28FAADB90026E190 /* presentation */ = {
			isa = PBXGroup;
			children = (
				30F3883728FFD37800346326 /* subviews */,
				30F46FF4290BB3E40048B05C /* movieDetailsView */,
				30F3880C28FFB7AF00346326 /* homeView */,
				3005413E28FC69B500D6CD6F /* loginView */,
				30F387E328FD1E7100346326 /* registrationComponent */,
				300540E328FAEC0C00D6CD6F /* authorizationView */,
				300540D528FADC3B00D6CD6F /* splashView */,
				30B9699028FAADD50026E190 /* mainView */,
			);
			path = presentation;
			sourceTree = "<group>";
		};
		30B9698E28FAADBF0026E190 /* domain */ = {
			isa = PBXGroup;
			children = (
				3005412228FB154A00D6CD6F /* helpers */,
				300540C828FAC9BD00D6CD6F /* useCases */,
				30B969A528FAAF5A0026E190 /* repositories */,
				300540D228FACC7700D6CD6F /* extensions */,
			);
			path = domain;
			sourceTree = "<group>";
		};
		30B9698F28FAADC40026E190 /* data */ = {
			isa = PBXGroup;
			children = (
				30B969A828FAB02C0026E190 /* implementations */,
				300540CD28FACAF100D6CD6F /* model */,
			);
			path = data;
			sourceTree = "<group>";
		};
		30B9699028FAADD50026E190 /* mainView */ = {
			isa = PBXGroup;
			children = (
				30B9699128FAADDE0026E190 /* component */,
				30B9699628FAAE0A0026E190 /* viewModel */,
				30B9699428FAAE070026E190 /* MainView.swift */,
			);
			path = mainView;
			sourceTree = "<group>";
		};
		30B9699128FAADDE0026E190 /* component */ = {
			isa = PBXGroup;
			children = (
				30B9699228FAADEA0026E190 /* MainComponent.swift */,
			);
			path = component;
			sourceTree = "<group>";
		};
		30B9699628FAAE0A0026E190 /* viewModel */ = {
			isa = PBXGroup;
			children = (
				30B9699728FAAE170026E190 /* MainViewViewModel.swift */,
			);
			path = viewModel;
			sourceTree = "<group>";
		};
		30B9699928FAAE880026E190 /* resources */ = {
			isa = PBXGroup;
			children = (
				300540F828FB039100D6CD6F /* fonts */,
				300540EA28FB008000D6CD6F /* styles */,
				30B969A128FAAEF80026E190 /* generated */,
				30B9699A28FAAE8C0026E190 /* localizable */,
			);
			path = resources;
			sourceTree = "<group>";
		};
		30B9699A28FAAE8C0026E190 /* localizable */ = {
			isa = PBXGroup;
			children = (
				30B9699F28FAAE990026E190 /* Localizable.strings */,
			);
			path = localizable;
			sourceTree = "<group>";
		};
		30B969A128FAAEF80026E190 /* generated */ = {
			isa = PBXGroup;
			children = (
				30B969A228FAAF010026E190 /* R.generated.swift */,
			);
			path = generated;
			sourceTree = "<group>";
		};
		30B969A528FAAF5A0026E190 /* repositories */ = {
			isa = PBXGroup;
			children = (
				3005411B28FB0FB300D6CD6F /* networking */,
				30B969A628FAAFC30026E190 /* KeychainRepository.swift */,
			);
			path = repositories;
			sourceTree = "<group>";
		};
		30B969A828FAB02C0026E190 /* implementations */ = {
			isa = PBXGroup;
			children = (
				3005411A28FB0FAD00D6CD6F /* networking */,
				30B969A928FAB03B0026E190 /* KeychainRepositoryImpl.swift */,
			);
			path = implementations;
			sourceTree = "<group>";
		};
		30F387E328FD1E7100346326 /* registrationComponent */ = {
			isa = PBXGroup;
			children = (
				30F387E428FD1E8100346326 /* component */,
				30F387E728FD1EBB00346326 /* viewModel */,
				30F387EA28FD1ED700346326 /* RegistrationView.swift */,
			);
			path = registrationComponent;
			sourceTree = "<group>";
		};
		30F387E428FD1E8100346326 /* component */ = {
			isa = PBXGroup;
			children = (
				30F387E528FD1EB500346326 /* RegistrationComponent.swift */,
			);
			path = component;
			sourceTree = "<group>";
		};
		30F387E728FD1EBB00346326 /* viewModel */ = {
			isa = PBXGroup;
			children = (
				30F387E828FD1ECA00346326 /* RegistrationViewViewModel.swift */,
			);
			path = viewModel;
			sourceTree = "<group>";
		};
		30F3880C28FFB7AF00346326 /* homeView */ = {
			isa = PBXGroup;
			children = (
				30F3881928FFBC7000346326 /* subviews */,
				30F3881228FFB7DE00346326 /* component */,
				30F388532901484100346326 /* viewModel */,
				30F3881528FFB7FD00346326 /* HomeView.swift */,
			);
			path = homeView;
			sourceTree = "<group>";
		};
		30F3881228FFB7DE00346326 /* component */ = {
			isa = PBXGroup;
			children = (
				30F3881328FFB7EA00346326 /* HomeComponent.swift */,
			);
			path = component;
			sourceTree = "<group>";
		};
		30F3881928FFBC7000346326 /* subviews */ = {
			isa = PBXGroup;
			children = (
				3092CB0829078A2900ED7DF9 /* profileView */,
				30F3881A28FFBC7B00346326 /* moviesView */,
			);
			path = subviews;
			sourceTree = "<group>";
		};
		30F3881A28FFBC7B00346326 /* moviesView */ = {
			isa = PBXGroup;
			children = (
				30F3881F28FFC18A00346326 /* subviews */,
				30F3881E28FFBCA400346326 /* component */,
				30F3881D28FFBC9E00346326 /* viewModel */,
				30F3881B28FFBC9B00346326 /* MoviesView.swift */,
			);
			path = moviesView;
			sourceTree = "<group>";
		};
		30F3881D28FFBC9E00346326 /* viewModel */ = {
			isa = PBXGroup;
			children = (
				30F3882F28FFCCB300346326 /* MoviesViewViewModel.swift */,
			);
			path = viewModel;
			sourceTree = "<group>";
		};
		30F3881E28FFBCA400346326 /* component */ = {
			isa = PBXGroup;
			children = (
				30F3883328FFD15800346326 /* MoviesComponent.swift */,
			);
			path = component;
			sourceTree = "<group>";
		};
		30F3881F28FFC18A00346326 /* subviews */ = {
			isa = PBXGroup;
			children = (
				30F388492900FA5200346326 /* moviesListView */,
				30F3884128FFE45500346326 /* favoriteMoviesView */,
				30F3882228FFC1C400346326 /* HeaderMovieView.swift */,
			);
			path = subviews;
			sourceTree = "<group>";
		};
		30F3882428FFC2EA00346326 /* movie */ = {
			isa = PBXGroup;
			children = (
				30F3882528FFC30800346326 /* Movie.swift */,
				30F3882728FFC38900346326 /* ShortReview.swift */,
				30F3882928FFC3CA00346326 /* Genre.swift */,
			);
			path = movie;
			sourceTree = "<group>";
		};
		30F3883728FFD37800346326 /* subviews */ = {
			isa = PBXGroup;
			children = (
				30F3883828FFD38200346326 /* RatingView.swift */,
				30F3884E290105AC00346326 /* FlexboxView.swift */,
			);
			path = subviews;
			sourceTree = "<group>";
		};
		30F3884128FFE45500346326 /* favoriteMoviesView */ = {
			isa = PBXGroup;
			children = (
				30F3884A2900FA7200346326 /* subviews */,
				30F3883C28FFE2F500346326 /* FavoriteMoviesView.swift */,
			);
			path = favoriteMoviesView;
			sourceTree = "<group>";
		};
		30F388492900FA5200346326 /* moviesListView */ = {
			isa = PBXGroup;
			children = (
				30F3884B2900FA8500346326 /* subviews */,
				30F388472900FA3800346326 /* MoviesListView.swift */,
			);
			path = moviesListView;
			sourceTree = "<group>";
		};
		30F3884A2900FA7200346326 /* subviews */ = {
			isa = PBXGroup;
			children = (
				30F3884228FFE46600346326 /* FavoriteMovieView.swift */,
			);
			path = subviews;
			sourceTree = "<group>";
		};
		30F3884B2900FA8500346326 /* subviews */ = {
			isa = PBXGroup;
			children = (
				30F3884C2900FB0300346326 /* MoviesListItemView.swift */,
			);
			path = subviews;
			sourceTree = "<group>";
		};
		30F388532901484100346326 /* viewModel */ = {
			isa = PBXGroup;
			children = (
				30F388542901484D00346326 /* HomeViewViewModel.swift */,
			);
			path = viewModel;
			sourceTree = "<group>";
		};
		30F38869290299D800346326 /* favorites */ = {
			isa = PBXGroup;
			children = (
				30F3886A2902BC4A00346326 /* Favorites.swift */,
			);
			path = favorites;
			sourceTree = "<group>";
		};
		30F388702903B3EA00346326 /* favoritesRepository */ = {
			isa = PBXGroup;
			children = (
				30F388712903B40B00346326 /* GetFavoritesUseCase.swift */,
				30F388732903C95500346326 /* AddFavoriteUseCase.swift */,
				30F388752903CA5000346326 /* DeleteFavoriteUseCase.swift */,
			);
			path = favoritesRepository;
			sourceTree = "<group>";
		};
		30F46FF4290BB3E40048B05C /* movieDetailsView */ = {
			isa = PBXGroup;
			children = (
				30F46FF8290BB4050048B05C /* component */,
				30F46FF7290BB3FF0048B05C /* viewModel */,
				30F46FF5290BB3FC0048B05C /* MovieDetailsView.swift */,
			);
			path = movieDetailsView;
			sourceTree = "<group>";
		};
		30F46FF7290BB3FF0048B05C /* viewModel */ = {
			isa = PBXGroup;
			children = (
				30F46FF9290BB4100048B05C /* MovieDetailsViewViewModel.swift */,
			);
			path = viewModel;
			sourceTree = "<group>";
		};
		30F46FF8290BB4050048B05C /* component */ = {
			isa = PBXGroup;
			children = (
				30F46FFB290BB41C0048B05C /* MovieDetailsComponent.swift */,
			);
			path = component;
			sourceTree = "<group>";
		};
		3A9111821407A0F7C8B91F28 /* Pods */ = {
			isa = PBXGroup;
			children = (
				E812D7F72D4ED032809EFF4E /* Pods-MoviesCatalog.debug.xcconfig */,
				A6221C9CF5D08C0234E8E3DC /* Pods-MoviesCatalog.release.xcconfig */,
			);
			path = Pods;
			sourceTree = "<group>";
		};
		E64FB1AAA11493AEB317558D /* Frameworks */ = {
			isa = PBXGroup;
			children = (
				3889655ECF9999C858E1162D /* Pods_MoviesCatalog.framework */,
			);
			name = Frameworks;
			sourceTree = "<group>";
		};
/* End PBXGroup section */

/* Begin PBXNativeTarget section */
		30B9697828FAACF00026E190 /* MoviesCatalog */ = {
			isa = PBXNativeTarget;
			buildConfigurationList = 30B9698728FAACF10026E190 /* Build configuration list for PBXNativeTarget "MoviesCatalog" */;
			buildPhases = (
				80DBB92F6D32D446BD5251AD /* [CP] Check Pods Manifest.lock */,
				30B969A428FAAF0A0026E190 /* Generate resources with R.swift */,
				30B9698A28FAAD510026E190 /* Needle DI */,
				30B9697528FAACF00026E190 /* Sources */,
				30B969AB28FAB0600026E190 /* SwiftLint */,
				30B9697628FAACF00026E190 /* Frameworks */,
				30B9697728FAACF00026E190 /* Resources */,
				98C99C70D7668C3EB0E41312 /* [CP] Embed Pods Frameworks */,
			);
			buildRules = (
			);
			dependencies = (
			);
			name = MoviesCatalog;
			packageProductDependencies = (
				30F3883F28FFE3F700346326 /* CollectionViewPagingLayout */,
				30F388512901106F00346326 /* SkeletonUI */,
			);
			productName = MoviesCatalog;
			productReference = 30B9697928FAACF00026E190 /* Movie Catalog.app */;
			productType = "com.apple.product-type.application";
		};
/* End PBXNativeTarget section */

/* Begin PBXProject section */
		30B9697128FAACF00026E190 /* Project object */ = {
			isa = PBXProject;
			attributes = {
				BuildIndependentTargetsInParallel = 1;
				LastSwiftUpdateCheck = 1400;
				LastUpgradeCheck = 1400;
				TargetAttributes = {
					30B9697828FAACF00026E190 = {
						CreatedOnToolsVersion = 14.0.1;
					};
				};
			};
			buildConfigurationList = 30B9697428FAACF00026E190 /* Build configuration list for PBXProject "MoviesCatalog" */;
			compatibilityVersion = "Xcode 14.0";
			developmentRegion = en;
			hasScannedForEncodings = 0;
			knownRegions = (
				en,
				Base,
				ru,
			);
			mainGroup = 30B9697028FAACF00026E190;
			packageReferences = (
				30F3883E28FFE3F700346326 /* XCRemoteSwiftPackageReference "CollectionViewPagingLayout" */,
				30F388502901106F00346326 /* XCRemoteSwiftPackageReference "SkeletonUI" */,
			);
			productRefGroup = 30B9697A28FAACF00026E190 /* Products */;
			projectDirPath = "";
			projectRoot = "";
			targets = (
				30B9697828FAACF00026E190 /* MoviesCatalog */,
			);
		};
/* End PBXProject section */

/* Begin PBXResourcesBuildPhase section */
		30B9697728FAACF00026E190 /* Resources */ = {
			isa = PBXResourcesBuildPhase;
			buildActionMask = 2147483647;
			files = (
				300540FE28FB03A100D6CD6F /* IBMPlexSans-Medium.ttf in Resources */,
				300540FC28FB03A100D6CD6F /* IBMPlexSans-Regular.ttf in Resources */,
				300540FD28FB03A100D6CD6F /* IBMPlexSans-Bold.ttf in Resources */,
				30B9698428FAACF10026E190 /* Preview Assets.xcassets in Resources */,
				30B9699D28FAAE990026E190 /* Localizable.strings in Resources */,
				30B9698128FAACF00026E190 /* Assets.xcassets in Resources */,
			);
			runOnlyForDeploymentPostprocessing = 0;
		};
/* End PBXResourcesBuildPhase section */

/* Begin PBXShellScriptBuildPhase section */
		30B9698A28FAAD510026E190 /* Needle DI */ = {
			isa = PBXShellScriptBuildPhase;
			buildActionMask = 2147483647;
			files = (
			);
			inputFileListPaths = (
			);
			inputPaths = (
			);
			name = "Needle DI";
			outputFileListPaths = (
			);
			outputPaths = (
			);
			runOnlyForDeploymentPostprocessing = 0;
			shellPath = /bin/sh;
			shellScript = "export PATH=\"$PATH:/opt/homebrew/bin\"\n\nif which needle; then\n    SOURCEKIT_LOGGING=0 && needle generate $SRCROOT/$TARGETNAME/NeedleGenerated.swift $SRCROOT/$TARGETNAME\nelse\n  echo \"warning: Needle not installed, download from https://github.com/uber/needle using Homebrew\"\nfi\n";
		};
		30B969A428FAAF0A0026E190 /* Generate resources with R.swift */ = {
			isa = PBXShellScriptBuildPhase;
			buildActionMask = 2147483647;
			files = (
			);
			inputFileListPaths = (
			);
			inputPaths = (
			);
			name = "Generate resources with R.swift";
			outputFileListPaths = (
			);
			outputPaths = (
			);
			runOnlyForDeploymentPostprocessing = 0;
			shellPath = /bin/sh;
			shellScript = "\"$PODS_ROOT/R.swift/rswift\" generate \"$SRCROOT/$TARGETNAME/resources/generated/R.generated.swift\"\n";
		};
		30B969AB28FAB0600026E190 /* SwiftLint */ = {
			isa = PBXShellScriptBuildPhase;
			buildActionMask = 2147483647;
			files = (
			);
			inputFileListPaths = (
			);
			inputPaths = (
			);
			name = SwiftLint;
			outputFileListPaths = (
			);
			outputPaths = (
			);
			runOnlyForDeploymentPostprocessing = 0;
			shellPath = /bin/sh;
			shellScript = "export PATH=\"$PATH:/opt/homebrew/bin\"\nif which swiftlint > /dev/null; then\n  swiftlint\nelse\n  echo \"warning: SwiftLint not installed, download from https://github.com/realm/SwiftLint\"\nfi\n";
		};
		80DBB92F6D32D446BD5251AD /* [CP] Check Pods Manifest.lock */ = {
			isa = PBXShellScriptBuildPhase;
			buildActionMask = 2147483647;
			files = (
			);
			inputFileListPaths = (
			);
			inputPaths = (
				"${PODS_PODFILE_DIR_PATH}/Podfile.lock",
				"${PODS_ROOT}/Manifest.lock",
			);
			name = "[CP] Check Pods Manifest.lock";
			outputFileListPaths = (
			);
			outputPaths = (
				"$(DERIVED_FILE_DIR)/Pods-MoviesCatalog-checkManifestLockResult.txt",
			);
			runOnlyForDeploymentPostprocessing = 0;
			shellPath = /bin/sh;
			shellScript = "diff \"${PODS_PODFILE_DIR_PATH}/Podfile.lock\" \"${PODS_ROOT}/Manifest.lock\" > /dev/null\nif [ $? != 0 ] ; then\n    # print error to STDERR\n    echo \"error: The sandbox is not in sync with the Podfile.lock. Run 'pod install' or update your CocoaPods installation.\" >&2\n    exit 1\nfi\n# This output is used by Xcode 'outputs' to avoid re-running this script phase.\necho \"SUCCESS\" > \"${SCRIPT_OUTPUT_FILE_0}\"\n";
			showEnvVarsInLog = 0;
		};
		98C99C70D7668C3EB0E41312 /* [CP] Embed Pods Frameworks */ = {
			isa = PBXShellScriptBuildPhase;
			buildActionMask = 2147483647;
			files = (
			);
			inputFileListPaths = (
				"${PODS_ROOT}/Target Support Files/Pods-MoviesCatalog/Pods-MoviesCatalog-frameworks-${CONFIGURATION}-input-files.xcfilelist",
			);
			name = "[CP] Embed Pods Frameworks";
			outputFileListPaths = (
				"${PODS_ROOT}/Target Support Files/Pods-MoviesCatalog/Pods-MoviesCatalog-frameworks-${CONFIGURATION}-output-files.xcfilelist",
			);
			runOnlyForDeploymentPostprocessing = 0;
			shellPath = /bin/sh;
			shellScript = "\"${PODS_ROOT}/Target Support Files/Pods-MoviesCatalog/Pods-MoviesCatalog-frameworks.sh\"\n";
			showEnvVarsInLog = 0;
		};
/* End PBXShellScriptBuildPhase section */

/* Begin PBXSourcesBuildPhase section */
		30B9697528FAACF00026E190 /* Sources */ = {
			isa = PBXSourcesBuildPhase;
			buildActionMask = 2147483647;
			files = (
				301A7E0329040F0300D69188 /* MoviesRepository.swift in Sources */,
				30F3882628FFC30800346326 /* Movie.swift in Sources */,
				3005410D28FB086C00D6CD6F /* LogoutResponse.swift in Sources */,
				3092CB01290786F500ED7DF9 /* ProfileRepositoryImpl.swift in Sources */,
				3092CAFC290785E400ED7DF9 /* Profile.swift in Sources */,
				3092CB1029078A8800ED7DF9 /* ProfileComponent.swift in Sources */,
				30B9698C28FAADA80026E190 /* NeedleGenerated.swift in Sources */,
				30F3881828FFB82C00346326 /* HomeViewDisplayingModeEnum.swift in Sources */,
				30F3884528FFE47600346326 /* DisplayingFavotireMovie.swift in Sources */,
				301A7E132904192600D69188 /* LoadMoviesAtPositionUseCase.swift in Sources */,
				30F3886D2903A54500346326 /* FavoritesRepositoryImpl.swift in Sources */,
				3005411028FB08DC00D6CD6F /* RegisterRequest.swift in Sources */,
				3005412A28FB194100D6CD6F /* LoginUseCase.swift in Sources */,
				301A7E0C2904122200D69188 /* DetailedReview.swift in Sources */,
				300540DC28FAE0D000D6CD6F /* MainViewDispalyingMode.swift in Sources */,
				300540E928FAEC3400D6CD6F /* AuthorizationViewViewModel.swift in Sources */,
				3005413228FBCA2C00D6CD6F /* ViewExtensions.swift in Sources */,
				30F388552901484D00346326 /* HomeViewViewModel.swift in Sources */,
				301A7E0A2904117900D69188 /* DetailedMovie.swift in Sources */,
				30F3881C28FFBC9B00346326 /* MoviesView.swift in Sources */,
				3092CB03290787B000ED7DF9 /* NetworkingHelper.swift in Sources */,
				30F3883628FFD1C600346326 /* DispalyingMovie.swift in Sources */,
				3092CB072907897C00ED7DF9 /* SaveUserProfileUseCase.swift in Sources */,
				3092CAFF2907869A00ED7DF9 /* ProfileRepository.swift in Sources */,
				30F3883928FFD38200346326 /* RatingView.swift in Sources */,
				3005414428FC69F900D6CD6F /* LoginView.swift in Sources */,
				30B9699528FAAE070026E190 /* MainView.swift in Sources */,
				301A7E062904101900D69188 /* MoviesPage.swift in Sources */,
				30F3880528FE513B00346326 /* NSErrorExtensions.swift in Sources */,
				30F387EB28FD1ED700346326 /* RegistrationView.swift in Sources */,
				30F3883028FFCCB300346326 /* MoviesViewViewModel.swift in Sources */,
				300540D128FACB0E00D6CD6F /* KeychainRepositoryErrorsEnum.swift in Sources */,
				300540E028FAE2F500D6CD6F /* SaveAuthStatusUseCase.swift in Sources */,
				30F3882E28FFC62D00346326 /* ArrayExtensions.swift in Sources */,
				3092CB052907892700ED7DF9 /* GetUserProfileUseCase.swift in Sources */,
				30F46FF329082CF40048B05C /* ProfileExtensions.swift in Sources */,
				3005411528FB09EB00D6CD6F /* RegisterResponse.swift in Sources */,
				30F388682902996700346326 /* FavoritesRepository.swift in Sources */,
				301A7E082904103200D69188 /* MoviesPageInfo.swift in Sources */,
				30F3882828FFC38900346326 /* ShortReview.swift in Sources */,
				30F3883428FFD15800346326 /* MoviesComponent.swift in Sources */,
				30F46FED2907B4930048B05C /* StatefulPreviewWrapper.swift in Sources */,
				30F387E928FD1ECA00346326 /* RegistrationViewViewModel.swift in Sources */,
				30B9697D28FAACF00026E190 /* MoviesCatalogApp.swift in Sources */,
				30F3881428FFB7EA00346326 /* HomeComponent.swift in Sources */,
				30F3882A28FFC3CA00346326 /* Genre.swift in Sources */,
				301A7E152904199E00D69188 /* LoadMovieDetailsUseCase.swift in Sources */,
				30F46FFA290BB4100048B05C /* MovieDetailsViewViewModel.swift in Sources */,
				30F46FE72907B3580048B05C /* ProfileDataEditorView.swift in Sources */,
				301A7E0E2904124100D69188 /* Author.swift in Sources */,
				3005412E28FB1A0F00D6CD6F /* AuthorizationComponent.swift in Sources */,
				3005413B28FC63F400D6CD6F /* GetAuthStatusUseCase.swift in Sources */,
				30F3883D28FFE2F500346326 /* FavoriteMoviesView.swift in Sources */,
				3092CB0A29078A3300ED7DF9 /* ProfileView.swift in Sources */,
				30F3886F2903AC6B00346326 /* VoidResponse.swift in Sources */,
				30F46FFC290BB41C0048B05C /* MovieDetailsComponent.swift in Sources */,
				30F3883228FFCD8D00346326 /* MovieExtensions.swift in Sources */,
				300540E728FAEC2600D6CD6F /* AuthorizationView.swift in Sources */,
				3005414A28FC6CA200D6CD6F /* LoginViewDisaplyingMode.swift in Sources */,
				30F3884328FFE46600346326 /* FavoriteMovieView.swift in Sources */,
				30B9699828FAAE170026E190 /* MainViewViewModel.swift in Sources */,
				3005411D28FB0FC200D6CD6F /* AuthRepositoryImpl.swift in Sources */,
				30F387E628FD1EB500346326 /* RegistrationComponent.swift in Sources */,
				30F388762903CA5000346326 /* DeleteFavoriteUseCase.swift in Sources */,
				30F3882C28FFC52500346326 /* MockDataHelper.swift in Sources */,
				301A7E102904163500D69188 /* MoviesRepositoryImpl.swift in Sources */,
				300540CC28FACA7400D6CD6F /* GetTokenUseCase.swift in Sources */,
				30B9699328FAADEA0026E190 /* MainComponent.swift in Sources */,
				30B969AA28FAB03B0026E190 /* KeychainRepositoryImpl.swift in Sources */,
				3005410528FB077200D6CD6F /* LoginRequest.swift in Sources */,
				300540D728FADC5B00D6CD6F /* SplashView.swift in Sources */,
				30F3882328FFC1C400346326 /* HeaderMovieView.swift in Sources */,
				30F3884F290105AC00346326 /* FlexboxView.swift in Sources */,
				3005410028FB073300D6CD6F /* AuthRepository.swift in Sources */,
				30F387F028FD5AE000346326 /* BindingExtensions.swift in Sources */,
				30F388482900FA3800346326 /* MoviesListView.swift in Sources */,
				30F388742903C95500346326 /* AddFavoriteUseCase.swift in Sources */,
				3005411728FB0A8600D6CD6F /* RegisterErrorResponse.swift in Sources */,
				3005414628FC6B7300D6CD6F /* LoginComponent.swift in Sources */,
				3005412428FB155A00D6CD6F /* AFDataReposnseExtensions.swift in Sources */,
				30F46FF1290827DC0048B05C /* ProfileDTO.swift in Sources */,
				30F387F228FD5DD200346326 /* UIImageExtensions.swift in Sources */,
				300540F728FB038400D6CD6F /* TextModifiers.swift in Sources */,
				3005413028FBB06800D6CD6F /* AuthenticationDataValidatorHelper.swift in Sources */,
				30F3881628FFB7FD00346326 /* HomeView.swift in Sources */,
				3005411F28FB108700D6CD6F /* NetworkingConstants.swift in Sources */,
				30F3886B2902BC4A00346326 /* Favorites.swift in Sources */,
				300540EC28FB008C00D6CD6F /* TextFieldWithValidationAndPlaceholderStyle.swift in Sources */,
				3092CB0E29078A5D00ED7DF9 /* ProfileViewViewModel.swift in Sources */,
				30B969A728FAAFC30026E190 /* KeychainRepository.swift in Sources */,
				3005413728FC569A00D6CD6F /* NetworkingErrorsEnum.swift in Sources */,
				300540CA28FAC9CE00D6CD6F /* SaveTokenUseCase.swift in Sources */,
				3005412C28FB197200D6CD6F /* LogoutUseCase.swift in Sources */,
				3092CB1329079AAE00ED7DF9 /* ProfileHeaderView.swift in Sources */,
				3005413928FC591D00D6CD6F /* NetworkingError.swift in Sources */,
				30F3883B28FFDB7900346326 /* ColorExtensions.swift in Sources */,
				30F3884D2900FB0300346326 /* MoviesListItemView.swift in Sources */,
				30B969A328FAAF010026E190 /* R.generated.swift in Sources */,
				30F388722903B40B00346326 /* GetFavoritesUseCase.swift in Sources */,
				3005410828FB07A600D6CD6F /* LoginResponse.swift in Sources */,
				30F387EE28FD216700346326 /* GenderTypeEnum.swift in Sources */,
				30F46FF6290BB3FC0048B05C /* MovieDetailsView.swift in Sources */,
				3005414828FC6BA500D6CD6F /* LoginViewViewModel.swift in Sources */,
				3005411928FB0F1300D6CD6F /* RegisterErrorsEnum.swift in Sources */,
				3005413D28FC649C00D6CD6F /* DefaultsRepositoryErrorsEnum.swift in Sources */,
				3005412828FB186B00D6CD6F /* RegisterUseCase.swift in Sources */,
				300540D428FACCA000D6CD6F /* DefaultsKeysExtensions.swift in Sources */,
			);
			runOnlyForDeploymentPostprocessing = 0;
		};
/* End PBXSourcesBuildPhase section */

/* Begin PBXVariantGroup section */
		30B9699F28FAAE990026E190 /* Localizable.strings */ = {
			isa = PBXVariantGroup;
			children = (
				30B9699E28FAAE990026E190 /* en */,
				30B969A028FAAECF0026E190 /* ru */,
			);
			name = Localizable.strings;
			sourceTree = "<group>";
		};
/* End PBXVariantGroup section */

/* Begin XCBuildConfiguration section */
		30B9698528FAACF10026E190 /* Debug */ = {
			isa = XCBuildConfiguration;
			buildSettings = {
				ALWAYS_SEARCH_USER_PATHS = NO;
				CLANG_ANALYZER_LOCALIZABILITY_NONLOCALIZED = YES;
				CLANG_ANALYZER_NONNULL = YES;
				CLANG_ANALYZER_NUMBER_OBJECT_CONVERSION = YES_AGGRESSIVE;
				CLANG_CXX_LANGUAGE_STANDARD = "gnu++20";
				CLANG_ENABLE_MODULES = YES;
				CLANG_ENABLE_OBJC_ARC = YES;
				CLANG_ENABLE_OBJC_WEAK = YES;
				CLANG_WARN_BLOCK_CAPTURE_AUTORELEASING = YES;
				CLANG_WARN_BOOL_CONVERSION = YES;
				CLANG_WARN_COMMA = YES;
				CLANG_WARN_CONSTANT_CONVERSION = YES;
				CLANG_WARN_DEPRECATED_OBJC_IMPLEMENTATIONS = YES;
				CLANG_WARN_DIRECT_OBJC_ISA_USAGE = YES_ERROR;
				CLANG_WARN_DOCUMENTATION_COMMENTS = YES;
				CLANG_WARN_EMPTY_BODY = YES;
				CLANG_WARN_ENUM_CONVERSION = YES;
				CLANG_WARN_INFINITE_RECURSION = YES;
				CLANG_WARN_INT_CONVERSION = YES;
				CLANG_WARN_NON_LITERAL_NULL_CONVERSION = YES;
				CLANG_WARN_OBJC_IMPLICIT_RETAIN_SELF = YES;
				CLANG_WARN_OBJC_LITERAL_CONVERSION = YES;
				CLANG_WARN_OBJC_ROOT_CLASS = YES_ERROR;
				CLANG_WARN_QUOTED_INCLUDE_IN_FRAMEWORK_HEADER = YES;
				CLANG_WARN_RANGE_LOOP_ANALYSIS = YES;
				CLANG_WARN_STRICT_PROTOTYPES = YES;
				CLANG_WARN_SUSPICIOUS_MOVE = YES;
				CLANG_WARN_UNGUARDED_AVAILABILITY = YES_AGGRESSIVE;
				CLANG_WARN_UNREACHABLE_CODE = YES;
				CLANG_WARN__DUPLICATE_METHOD_MATCH = YES;
				COPY_PHASE_STRIP = NO;
				DEBUG_INFORMATION_FORMAT = dwarf;
				ENABLE_STRICT_OBJC_MSGSEND = YES;
				ENABLE_TESTABILITY = YES;
				GCC_C_LANGUAGE_STANDARD = gnu11;
				GCC_DYNAMIC_NO_PIC = NO;
				GCC_NO_COMMON_BLOCKS = YES;
				GCC_OPTIMIZATION_LEVEL = 0;
				GCC_PREPROCESSOR_DEFINITIONS = (
					"DEBUG=1",
					"$(inherited)",
				);
				GCC_WARN_64_TO_32_BIT_CONVERSION = YES;
				GCC_WARN_ABOUT_RETURN_TYPE = YES_ERROR;
				GCC_WARN_UNDECLARED_SELECTOR = YES;
				GCC_WARN_UNINITIALIZED_AUTOS = YES_AGGRESSIVE;
				GCC_WARN_UNUSED_FUNCTION = YES;
				GCC_WARN_UNUSED_VARIABLE = YES;
				IPHONEOS_DEPLOYMENT_TARGET = 16.0;
				MTL_ENABLE_DEBUG_INFO = INCLUDE_SOURCE;
				MTL_FAST_MATH = YES;
				ONLY_ACTIVE_ARCH = YES;
				SDKROOT = iphoneos;
				SWIFT_ACTIVE_COMPILATION_CONDITIONS = DEBUG;
				SWIFT_OPTIMIZATION_LEVEL = "-Onone";
			};
			name = Debug;
		};
		30B9698628FAACF10026E190 /* Release */ = {
			isa = XCBuildConfiguration;
			buildSettings = {
				ALWAYS_SEARCH_USER_PATHS = NO;
				CLANG_ANALYZER_LOCALIZABILITY_NONLOCALIZED = YES;
				CLANG_ANALYZER_NONNULL = YES;
				CLANG_ANALYZER_NUMBER_OBJECT_CONVERSION = YES_AGGRESSIVE;
				CLANG_CXX_LANGUAGE_STANDARD = "gnu++20";
				CLANG_ENABLE_MODULES = YES;
				CLANG_ENABLE_OBJC_ARC = YES;
				CLANG_ENABLE_OBJC_WEAK = YES;
				CLANG_WARN_BLOCK_CAPTURE_AUTORELEASING = YES;
				CLANG_WARN_BOOL_CONVERSION = YES;
				CLANG_WARN_COMMA = YES;
				CLANG_WARN_CONSTANT_CONVERSION = YES;
				CLANG_WARN_DEPRECATED_OBJC_IMPLEMENTATIONS = YES;
				CLANG_WARN_DIRECT_OBJC_ISA_USAGE = YES_ERROR;
				CLANG_WARN_DOCUMENTATION_COMMENTS = YES;
				CLANG_WARN_EMPTY_BODY = YES;
				CLANG_WARN_ENUM_CONVERSION = YES;
				CLANG_WARN_INFINITE_RECURSION = YES;
				CLANG_WARN_INT_CONVERSION = YES;
				CLANG_WARN_NON_LITERAL_NULL_CONVERSION = YES;
				CLANG_WARN_OBJC_IMPLICIT_RETAIN_SELF = YES;
				CLANG_WARN_OBJC_LITERAL_CONVERSION = YES;
				CLANG_WARN_OBJC_ROOT_CLASS = YES_ERROR;
				CLANG_WARN_QUOTED_INCLUDE_IN_FRAMEWORK_HEADER = YES;
				CLANG_WARN_RANGE_LOOP_ANALYSIS = YES;
				CLANG_WARN_STRICT_PROTOTYPES = YES;
				CLANG_WARN_SUSPICIOUS_MOVE = YES;
				CLANG_WARN_UNGUARDED_AVAILABILITY = YES_AGGRESSIVE;
				CLANG_WARN_UNREACHABLE_CODE = YES;
				CLANG_WARN__DUPLICATE_METHOD_MATCH = YES;
				COPY_PHASE_STRIP = NO;
				DEBUG_INFORMATION_FORMAT = "dwarf-with-dsym";
				ENABLE_NS_ASSERTIONS = NO;
				ENABLE_STRICT_OBJC_MSGSEND = YES;
				GCC_C_LANGUAGE_STANDARD = gnu11;
				GCC_NO_COMMON_BLOCKS = YES;
				GCC_WARN_64_TO_32_BIT_CONVERSION = YES;
				GCC_WARN_ABOUT_RETURN_TYPE = YES_ERROR;
				GCC_WARN_UNDECLARED_SELECTOR = YES;
				GCC_WARN_UNINITIALIZED_AUTOS = YES_AGGRESSIVE;
				GCC_WARN_UNUSED_FUNCTION = YES;
				GCC_WARN_UNUSED_VARIABLE = YES;
				IPHONEOS_DEPLOYMENT_TARGET = 16.0;
				MTL_ENABLE_DEBUG_INFO = NO;
				MTL_FAST_MATH = YES;
				SDKROOT = iphoneos;
				SWIFT_COMPILATION_MODE = wholemodule;
				SWIFT_OPTIMIZATION_LEVEL = "-O";
				VALIDATE_PRODUCT = YES;
			};
			name = Release;
		};
		30B9698828FAACF10026E190 /* Debug */ = {
			isa = XCBuildConfiguration;
			baseConfigurationReference = E812D7F72D4ED032809EFF4E /* Pods-MoviesCatalog.debug.xcconfig */;
			buildSettings = {
				ASSETCATALOG_COMPILER_APPICON_NAME = AppIcon;
				ASSETCATALOG_COMPILER_GLOBAL_ACCENT_COLOR_NAME = AccentColor;
				CODE_SIGN_STYLE = Automatic;
				CURRENT_PROJECT_VERSION = 1;
				DEVELOPMENT_ASSET_PATHS = "\"MoviesCatalog/Preview Content\"";
				DEVELOPMENT_TEAM = 892KGV2B93;
				ENABLE_PREVIEWS = YES;
				GENERATE_INFOPLIST_FILE = YES;
				INFOPLIST_FILE = MoviesCatalog/Info.plist;
				INFOPLIST_KEY_LSApplicationCategoryType = "public.app-category.entertainment";
				INFOPLIST_KEY_UIApplicationSceneManifest_Generation = YES;
				INFOPLIST_KEY_UIApplicationSupportsIndirectInputEvents = YES;
				INFOPLIST_KEY_UILaunchScreen_Generation = YES;
				INFOPLIST_KEY_UIStatusBarStyle = UIStatusBarStyleLightContent;
				INFOPLIST_KEY_UISupportedInterfaceOrientations = UIInterfaceOrientationPortrait;
				INFOPLIST_KEY_UISupportedInterfaceOrientations_iPad = "UIInterfaceOrientationLandscapeLeft UIInterfaceOrientationLandscapeRight UIInterfaceOrientationPortrait UIInterfaceOrientationPortraitUpsideDown";
				INFOPLIST_KEY_UIUserInterfaceStyle = Dark;
				LD_RUNPATH_SEARCH_PATHS = (
					"$(inherited)",
					"@executable_path/Frameworks",
				);
				MARKETING_VERSION = 1.0;
				PRODUCT_BUNDLE_IDENTIFIER = "com.delet-dis.MoviesCatalog";
				PRODUCT_NAME = "Movie Catalog";
				SUPPORTED_PLATFORMS = "iphoneos iphonesimulator";
				SUPPORTS_MACCATALYST = NO;
				SUPPORTS_MAC_DESIGNED_FOR_IPHONE_IPAD = NO;
				SWIFT_EMIT_LOC_STRINGS = YES;
				SWIFT_VERSION = 5.0;
				TARGETED_DEVICE_FAMILY = 1;
			};
			name = Debug;
		};
		30B9698928FAACF10026E190 /* Release */ = {
			isa = XCBuildConfiguration;
			baseConfigurationReference = A6221C9CF5D08C0234E8E3DC /* Pods-MoviesCatalog.release.xcconfig */;
			buildSettings = {
				ASSETCATALOG_COMPILER_APPICON_NAME = AppIcon;
				ASSETCATALOG_COMPILER_GLOBAL_ACCENT_COLOR_NAME = AccentColor;
				CODE_SIGN_STYLE = Automatic;
				CURRENT_PROJECT_VERSION = 1;
				DEVELOPMENT_ASSET_PATHS = "\"MoviesCatalog/Preview Content\"";
				DEVELOPMENT_TEAM = 892KGV2B93;
				ENABLE_PREVIEWS = YES;
				GENERATE_INFOPLIST_FILE = YES;
				INFOPLIST_FILE = MoviesCatalog/Info.plist;
				INFOPLIST_KEY_LSApplicationCategoryType = "public.app-category.entertainment";
				INFOPLIST_KEY_UIApplicationSceneManifest_Generation = YES;
				INFOPLIST_KEY_UIApplicationSupportsIndirectInputEvents = YES;
				INFOPLIST_KEY_UILaunchScreen_Generation = YES;
				INFOPLIST_KEY_UIStatusBarStyle = UIStatusBarStyleLightContent;
				INFOPLIST_KEY_UISupportedInterfaceOrientations = UIInterfaceOrientationPortrait;
				INFOPLIST_KEY_UISupportedInterfaceOrientations_iPad = "UIInterfaceOrientationLandscapeLeft UIInterfaceOrientationLandscapeRight UIInterfaceOrientationPortrait UIInterfaceOrientationPortraitUpsideDown";
				INFOPLIST_KEY_UIUserInterfaceStyle = Dark;
				LD_RUNPATH_SEARCH_PATHS = (
					"$(inherited)",
					"@executable_path/Frameworks",
				);
				MARKETING_VERSION = 1.0;
				PRODUCT_BUNDLE_IDENTIFIER = "com.delet-dis.MoviesCatalog";
				PRODUCT_NAME = "Movie Catalog";
				SUPPORTED_PLATFORMS = "iphoneos iphonesimulator";
				SUPPORTS_MACCATALYST = NO;
				SUPPORTS_MAC_DESIGNED_FOR_IPHONE_IPAD = NO;
				SWIFT_EMIT_LOC_STRINGS = YES;
				SWIFT_VERSION = 5.0;
				TARGETED_DEVICE_FAMILY = 1;
			};
			name = Release;
		};
/* End XCBuildConfiguration section */

/* Begin XCConfigurationList section */
		30B9697428FAACF00026E190 /* Build configuration list for PBXProject "MoviesCatalog" */ = {
			isa = XCConfigurationList;
			buildConfigurations = (
				30B9698528FAACF10026E190 /* Debug */,
				30B9698628FAACF10026E190 /* Release */,
			);
			defaultConfigurationIsVisible = 0;
			defaultConfigurationName = Release;
		};
		30B9698728FAACF10026E190 /* Build configuration list for PBXNativeTarget "MoviesCatalog" */ = {
			isa = XCConfigurationList;
			buildConfigurations = (
				30B9698828FAACF10026E190 /* Debug */,
				30B9698928FAACF10026E190 /* Release */,
			);
			defaultConfigurationIsVisible = 0;
			defaultConfigurationName = Release;
		};
/* End XCConfigurationList section */

/* Begin XCRemoteSwiftPackageReference section */
		30F3883E28FFE3F700346326 /* XCRemoteSwiftPackageReference "CollectionViewPagingLayout" */ = {
			isa = XCRemoteSwiftPackageReference;
			repositoryURL = "https://github.com/amirdew/CollectionViewPagingLayout";
			requirement = {
				kind = upToNextMajorVersion;
				minimumVersion = 1.0.0;
			};
		};
		30F388502901106F00346326 /* XCRemoteSwiftPackageReference "SkeletonUI" */ = {
			isa = XCRemoteSwiftPackageReference;
			repositoryURL = "https://github.com/CSolanaM/SkeletonUI";
			requirement = {
				kind = upToNextMajorVersion;
				minimumVersion = 1.0.0;
			};
		};
/* End XCRemoteSwiftPackageReference section */

/* Begin XCSwiftPackageProductDependency section */
		30F3883F28FFE3F700346326 /* CollectionViewPagingLayout */ = {
			isa = XCSwiftPackageProductDependency;
			package = 30F3883E28FFE3F700346326 /* XCRemoteSwiftPackageReference "CollectionViewPagingLayout" */;
			productName = CollectionViewPagingLayout;
		};
		30F388512901106F00346326 /* SkeletonUI */ = {
			isa = XCSwiftPackageProductDependency;
			package = 30F388502901106F00346326 /* XCRemoteSwiftPackageReference "SkeletonUI" */;
			productName = SkeletonUI;
		};
/* End XCSwiftPackageProductDependency section */
	};
	rootObject = 30B9697128FAACF00026E190 /* Project object */;
}
